// !$*UTF8*$!
{
	archiveVersion = 1;
	classes = {
	};
	objectVersion = 56;
	objects = {

/* Begin PBXBuildFile section */
		9FCB9B032F54A07E005C3E4B /* GoogleService-Info.plist in Resources */ = {isa = PBXBuildFile; fileRef = 9FCB9B022F54A07D005C3E4B /* GoogleService-Info.plist */; };
		A1000001 /* MyAppApp.swift in Sources */ = {isa = PBXBuildFile; fileRef = A2000001 /* MyAppApp.swift */; };
		A1000002 /* ContentView.swift in Sources */ = {isa = PBXBuildFile; fileRef = A2000002 /* ContentView.swift */; };
		A1000003 /* Assets.xcassets in Resources */ = {isa = PBXBuildFile; fileRef = A2000003 /* Assets.xcassets */; };
		A1000004 /* Preview Assets.xcassets in Resources */ = {isa = PBXBuildFile; fileRef = A2000004 /* Preview Assets.xcassets */; };
		B1000001 /* GameModel.swift in Sources */ = {isa = PBXBuildFile; fileRef = B2000001 /* GameModel.swift */; };
		B1000002 /* GameViewModel.swift in Sources */ = {isa = PBXBuildFile; fileRef = B2000002 /* GameViewModel.swift */; };
		B1000003 /* MainView.swift in Sources */ = {isa = PBXBuildFile; fileRef = B2000003 /* MainView.swift */; };
		B1000004 /* AddRoundView.swift in Sources */ = {isa = PBXBuildFile; fileRef = B2000004 /* AddRoundView.swift */; };
		B1000005 /* Styles.swift in Sources */ = {isa = PBXBuildFile; fileRef = B2000005 /* Styles.swift */; };
		C1000001 /* SettingsView.swift in Sources */ = {isa = PBXBuildFile; fileRef = C2000001 /* SettingsView.swift */; };
		CT00001 /* ComicTheme.swift in Sources */ = {isa = PBXBuildFile; fileRef = CT00002 /* ComicTheme.swift */; };
		D1000001 /* GameTableView.swift in Sources */ = {isa = PBXBuildFile; fileRef = D2000001 /* GameTableView.swift */; };
		E1000001 /* SplashView.swift in Sources */ = {isa = PBXBuildFile; fileRef = E2000001 /* SplashView.swift */; };
		F1000001 /* AuthViewModel.swift in Sources */ = {isa = PBXBuildFile; fileRef = F2000001 /* AuthViewModel.swift */; };
		F1000002 /* AuthView.swift in Sources */ = {isa = PBXBuildFile; fileRef = F2000002 /* AuthView.swift */; };
		F1000003 /* OnlineSessionViewModel.swift in Sources */ = {isa = PBXBuildFile; fileRef = F2000003 /* OnlineSessionViewModel.swift */; };
		F1000004 /* OnlineSessionView.swift in Sources */ = {isa = PBXBuildFile; fileRef = F2000004 /* OnlineSessionView.swift */; };
		FB100001 /* FirebaseAuth in Frameworks */ = {isa = PBXBuildFile; productRef = FB000002 /* FirebaseAuth */; };
		FB100002 /* FirebaseFirestore in Frameworks */ = {isa = PBXBuildFile; productRef = FB000003 /* FirebaseFirestore */; };
		G1000001 /* ModeSelectionView.swift in Sources */ = {isa = PBXBuildFile; fileRef = G2000001 /* ModeSelectionView.swift */; };
		H1000001 /* ComputerGameViewModel.swift in Sources */ = {isa = PBXBuildFile; fileRef = H2000001 /* ComputerGameViewModel.swift */; };
		I1000001 /* ComputerGameView.swift in Sources */ = {isa = PBXBuildFile; fileRef = I2000001 /* ComputerGameView.swift */; };
		J1000001 /* OnlineGameViewModel.swift in Sources */ = {isa = PBXBuildFile; fileRef = J2000001 /* OnlineGameViewModel.swift */; };
		K1000001 /* OnlineGameView.swift in Sources */ = {isa = PBXBuildFile; fileRef = K2000001 /* OnlineGameView.swift */; };
		L1000001 /* GameHistoryView.swift in Sources */ = {isa = PBXBuildFile; fileRef = L2000001 /* GameHistoryView.swift */; };
		M1000001 /* CardDealAnimationView.swift in Sources */ = {isa = PBXBuildFile; fileRef = M2000001 /* CardDealAnimationView.swift */; };
		N1000001 /* QRScannerView.swift in Sources */ = {isa = PBXBuildFile; fileRef = N2000001 /* QRScannerView.swift */; };
		O1000001 /* AdaptiveColours.swift in Sources */ = {isa = PBXBuildFile; fileRef = O2000001 /* AdaptiveColours.swift */; };
		P1000001 /* PrivacyInfo.xcprivacy in Resources */ = {isa = PBXBuildFile; fileRef = P2000001 /* PrivacyInfo.xcprivacy */; };
		Q1000001 /* PlayerScoreBarChart.swift in Sources */ = {isa = PBXBuildFile; fileRef = Q2000001 /* PlayerScoreBarChart.swift */; };
		SE100001 /* ScoringEngine.swift in Sources */ = {isa = PBXBuildFile; fileRef = SE200001 /* ScoringEngine.swift */; };
		TE100001 /* ThemeEngine.swift in Sources */ = {isa = PBXBuildFile; fileRef = TE200001 /* ThemeEngine.swift */; };
		TE100002 /* Themes.swift in Sources */ = {isa = PBXBuildFile; fileRef = TE200002 /* Themes.swift */; };
		TE100003 /* ThemeManager.swift in Sources */ = {isa = PBXBuildFile; fileRef = TE200003 /* ThemeManager.swift */; };
		TE100004 /* ThemedComponents.swift in Sources */ = {isa = PBXBuildFile; fileRef = TE200004 /* ThemedComponents.swift */; };
/* End PBXBuildFile section */

/* Begin PBXFileReference section */
		9F4365EF2F66FDBF008FD94E /* Info.plist */ = {isa = PBXFileReference; lastKnownFileType = text.plist; path = Info.plist; sourceTree = "<group>"; };
		9F4365F02F67002C008FD94E /* MyApp.entitlements */ = {isa = PBXFileReference; lastKnownFileType = text.plist.entitlements; path = MyApp.entitlements; sourceTree = "<group>"; };
		9FCB9B022F54A07D005C3E4B /* GoogleService-Info.plist */ = {isa = PBXFileReference; lastKnownFileType = text.plist.xml; path = "GoogleService-Info.plist"; sourceTree = "<group>"; };
		A2000000 /* MyApp.app */ = {isa = PBXFileReference; explicitFileType = wrapper.application; includeInIndex = 0; path = MyApp.app; sourceTree = BUILT_PRODUCTS_DIR; };
		A2000001 /* MyAppApp.swift */ = {isa = PBXFileReference; lastKnownFileType = sourcecode.swift; path = MyAppApp.swift; sourceTree = "<group>"; };
		A2000002 /* ContentView.swift */ = {isa = PBXFileReference; lastKnownFileType = sourcecode.swift; path = ContentView.swift; sourceTree = "<group>"; };
		A2000003 /* Assets.xcassets */ = {isa = PBXFileReference; lastKnownFileType = folder.assetcatalog; path = Assets.xcassets; sourceTree = "<group>"; };
		A2000004 /* Preview Assets.xcassets */ = {isa = PBXFileReference; lastKnownFileType = folder.assetcatalog; path = "Preview Assets.xcassets"; sourceTree = "<group>"; };
		B2000001 /* GameModel.swift */ = {isa = PBXFileReference; lastKnownFileType = sourcecode.swift; path = GameModel.swift; sourceTree = "<group>"; };
		B2000002 /* GameViewModel.swift */ = {isa = PBXFileReference; lastKnownFileType = sourcecode.swift; path = GameViewModel.swift; sourceTree = "<group>"; };
		B2000003 /* MainView.swift */ = {isa = PBXFileReference; lastKnownFileType = sourcecode.swift; path = MainView.swift; sourceTree = "<group>"; };
		B2000004 /* AddRoundView.swift */ = {isa = PBXFileReference; lastKnownFileType = sourcecode.swift; path = AddRoundView.swift; sourceTree = "<group>"; };
		B2000005 /* Styles.swift */ = {isa = PBXFileReference; lastKnownFileType = sourcecode.swift; path = Styles.swift; sourceTree = "<group>"; };
		C2000001 /* SettingsView.swift */ = {isa = PBXFileReference; lastKnownFileType = sourcecode.swift; path = SettingsView.swift; sourceTree = "<group>"; };
		CT00002 /* ComicTheme.swift */ = {isa = PBXFileReference; lastKnownFileType = sourcecode.swift; path = ComicTheme.swift; sourceTree = "<group>"; };
		D2000001 /* GameTableView.swift */ = {isa = PBXFileReference; lastKnownFileType = sourcecode.swift; path = GameTableView.swift; sourceTree = "<group>"; };
		E2000001 /* SplashView.swift */ = {isa = PBXFileReference; lastKnownFileType = sourcecode.swift; path = SplashView.swift; sourceTree = "<group>"; };
		F2000001 /* AuthViewModel.swift */ = {isa = PBXFileReference; lastKnownFileType = sourcecode.swift; path = AuthViewModel.swift; sourceTree = "<group>"; };
		F2000002 /* AuthView.swift */ = {isa = PBXFileReference; lastKnownFileType = sourcecode.swift; path = AuthView.swift; sourceTree = "<group>"; };
		F2000003 /* OnlineSessionViewModel.swift */ = {isa = PBXFileReference; lastKnownFileType = sourcecode.swift; path = OnlineSessionViewModel.swift; sourceTree = "<group>"; };
		F2000004 /* OnlineSessionView.swift */ = {isa = PBXFileReference; lastKnownFileType = sourcecode.swift; path = OnlineSessionView.swift; sourceTree = "<group>"; };
		G2000001 /* ModeSelectionView.swift */ = {isa = PBXFileReference; lastKnownFileType = sourcecode.swift; path = ModeSelectionView.swift; sourceTree = "<group>"; };
		H2000001 /* ComputerGameViewModel.swift */ = {isa = PBXFileReference; lastKnownFileType = sourcecode.swift; path = ComputerGameViewModel.swift; sourceTree = "<group>"; };
		I2000001 /* ComputerGameView.swift */ = {isa = PBXFileReference; lastKnownFileType = sourcecode.swift; path = ComputerGameView.swift; sourceTree = "<group>"; };
		J2000001 /* OnlineGameViewModel.swift */ = {isa = PBXFileReference; lastKnownFileType = sourcecode.swift; path = OnlineGameViewModel.swift; sourceTree = "<group>"; };
		K2000001 /* OnlineGameView.swift */ = {isa = PBXFileReference; lastKnownFileType = sourcecode.swift; path = OnlineGameView.swift; sourceTree = "<group>"; };
		L2000001 /* GameHistoryView.swift */ = {isa = PBXFileReference; lastKnownFileType = sourcecode.swift; path = GameHistoryView.swift; sourceTree = "<group>"; };
		M2000001 /* CardDealAnimationView.swift */ = {isa = PBXFileReference; lastKnownFileType = sourcecode.swift; path = CardDealAnimationView.swift; sourceTree = "<group>"; };
		N2000001 /* QRScannerView.swift */ = {isa = PBXFileReference; lastKnownFileType = sourcecode.swift; path = QRScannerView.swift; sourceTree = "<group>"; };
		O2000001 /* AdaptiveColours.swift */ = {isa = PBXFileReference; lastKnownFileType = sourcecode.swift; path = AdaptiveColours.swift; sourceTree = "<group>"; };
		P2000001 /* PrivacyInfo.xcprivacy */ = {isa = PBXFileReference; lastKnownFileType = text.plist.xml; path = PrivacyInfo.xcprivacy; sourceTree = "<group>"; };
		Q2000001 /* PlayerScoreBarChart.swift */ = {isa = PBXFileReference; lastKnownFileType = sourcecode.swift; path = PlayerScoreBarChart.swift; sourceTree = "<group>"; };
		SE200001 /* ScoringEngine.swift */ = {isa = PBXFileReference; lastKnownFileType = sourcecode.swift; path = ScoringEngine.swift; sourceTree = "<group>"; };
		TE200001 /* ThemeEngine.swift */ = {isa = PBXFileReference; lastKnownFileType = sourcecode.swift; path = ThemeEngine.swift; sourceTree = "<group>"; };
		TE200002 /* Themes.swift */ = {isa = PBXFileReference; lastKnownFileType = sourcecode.swift; path = Themes.swift; sourceTree = "<group>"; };
		TE200003 /* ThemeManager.swift */ = {isa = PBXFileReference; lastKnownFileType = sourcecode.swift; path = ThemeManager.swift; sourceTree = "<group>"; };
		TE200004 /* ThemedComponents.swift */ = {isa = PBXFileReference; lastKnownFileType = sourcecode.swift; path = ThemedComponents.swift; sourceTree = "<group>"; };
/* End PBXFileReference section */

/* Begin PBXFrameworksBuildPhase section */
		A3000001 /* Frameworks */ = {
			isa = PBXFrameworksBuildPhase;
			buildActionMask = 2147483647;
			files = (
				FB100001 /* FirebaseAuth in Frameworks */,
				FB100002 /* FirebaseFirestore in Frameworks */,
			);
			runOnlyForDeploymentPostprocessing = 0;
		};
/* End PBXFrameworksBuildPhase section */

/* Begin PBXGroup section */
		A4000000 = {
			isa = PBXGroup;
			children = (
				A4000001 /* MyApp */,
				A4000002 /* Products */,
			);
			sourceTree = "<group>";
		};
		A4000001 /* MyApp */ = {
			isa = PBXGroup;
			children = (
				9F4365F02F67002C008FD94E /* MyApp.entitlements */,
				9F4365EF2F66FDBF008FD94E /* Info.plist */,
				A2000001 /* MyAppApp.swift */,
				B2000003 /* MainView.swift */,
				B2000004 /* AddRoundView.swift */,
				C2000001 /* SettingsView.swift */,
				D2000001 /* GameTableView.swift */,
				E2000001 /* SplashView.swift */,
				B2000001 /* GameModel.swift */,
				B2000002 /* GameViewModel.swift */,
				B2000005 /* Styles.swift */,
				CT00002 /* ComicTheme.swift */,
				TE200001 /* ThemeEngine.swift */,
				TE200002 /* Themes.swift */,
				TE200003 /* ThemeManager.swift */,
				TE200004 /* ThemedComponents.swift */,
				F2000001 /* AuthViewModel.swift */,
				F2000002 /* AuthView.swift */,
				F2000003 /* OnlineSessionViewModel.swift */,
				F2000004 /* OnlineSessionView.swift */,
				G2000001 /* ModeSelectionView.swift */,
				H2000001 /* ComputerGameViewModel.swift */,
				I2000001 /* ComputerGameView.swift */,
				J2000001 /* OnlineGameViewModel.swift */,
				K2000001 /* OnlineGameView.swift */,
				L2000001 /* GameHistoryView.swift */,
				M2000001 /* CardDealAnimationView.swift */,
				N2000001 /* QRScannerView.swift */,
				O2000001 /* AdaptiveColours.swift */,
				Q2000001 /* PlayerScoreBarChart.swift */,
				SE200001 /* ScoringEngine.swift */,
				A2000002 /* ContentView.swift */,
				A2000003 /* Assets.xcassets */,
				A4000003 /* Preview Content */,
				9FCB9B022F54A07D005C3E4B /* GoogleService-Info.plist */,
				P2000001 /* PrivacyInfo.xcprivacy */,
			);
			path = MyApp;
			sourceTree = "<group>";
		};
		A4000002 /* Products */ = {
			isa = PBXGroup;
			children = (
				A2000000 /* MyApp.app */,
			);
			name = Products;
			sourceTree = "<group>";
		};
		A4000003 /* Preview Content */ = {
			isa = PBXGroup;
			children = (
				A2000004 /* Preview Assets.xcassets */,
			);
			path = "Preview Content";
			sourceTree = "<group>";
		};
/* End PBXGroup section */

/* Begin PBXNativeTarget section */
		A5000001 /* MyApp */ = {
			isa = PBXNativeTarget;
			buildConfigurationList = A6000001 /* Build configuration list for PBXNativeTarget "MyApp" */;
			buildPhases = (
				A3000000 /* Sources */,
				A3000001 /* Frameworks */,
				A3000002 /* Resources */,
			);
			buildRules = (
			);
			dependencies = (
			);
			name = MyApp;
			packageProductDependencies = (
				FB000002 /* FirebaseAuth */,
				FB000003 /* FirebaseFirestore */,
			);
			productName = MyApp;
			productReference = A2000000 /* MyApp.app */;
			productType = "com.apple.product-type.application";
		};
/* End PBXNativeTarget section */

/* Begin PBXProject section */
		A7000001 /* Project object */ = {
			isa = PBXProject;
			attributes = {
				BuildIndependentTargetsInParallel = 1;
				LastSwiftUpdateCheck = 1540;
				LastUpgradeCheck = 1540;
				TargetAttributes = {
					A5000001 = {
						CreatedOnToolsVersion = 15.4;
					};
				};
			};
			buildConfigurationList = A6000000 /* Build configuration list for PBXProject "MyApp" */;
			compatibilityVersion = "Xcode 14.0";
			developmentRegion = en;
			hasScannedForEncodings = 0;
			knownRegions = (
				en,
				Base,
			);
			mainGroup = A4000000;
			packageReferences = (
				FB000001 /* XCRemoteSwiftPackageReference "firebase-ios-sdk" */,
			);
			productRefGroup = A4000002 /* Products */;
			projectDirPath = "";
			projectRoot = "";
			targets = (
				A5000001 /* MyApp */,
			);
		};
/* End PBXProject section */

/* Begin PBXResourcesBuildPhase section */
		A3000002 /* Resources */ = {
			isa = PBXResourcesBuildPhase;
			buildActionMask = 2147483647;
			files = (
				A1000004 /* Preview Assets.xcassets in Resources */,
				A1000003 /* Assets.xcassets in Resources */,
				9FCB9B032F54A07E005C3E4B /* GoogleService-Info.plist in Resources */,
				P1000001 /* PrivacyInfo.xcprivacy in Resources */,
			);
			runOnlyForDeploymentPostprocessing = 0;
		};
/* End PBXResourcesBuildPhase section */

/* Begin PBXSourcesBuildPhase section */
		A3000000 /* Sources */ = {
			isa = PBXSourcesBuildPhase;
			buildActionMask = 2147483647;
			files = (
				A1000002 /* ContentView.swift in Sources */,
				A1000001 /* MyAppApp.swift in Sources */,
				B1000001 /* GameModel.swift in Sources */,
				B1000002 /* GameViewModel.swift in Sources */,
				B1000003 /* MainView.swift in Sources */,
				B1000004 /* AddRoundView.swift in Sources */,
				B1000005 /* Styles.swift in Sources */,
				CT00001 /* ComicTheme.swift in Sources */,
				TE100001 /* ThemeEngine.swift in Sources */,
				TE100002 /* Themes.swift in Sources */,
				TE100003 /* ThemeManager.swift in Sources */,
				TE100004 /* ThemedComponents.swift in Sources */,
				C1000001 /* SettingsView.swift in Sources */,
				D1000001 /* GameTableView.swift in Sources */,
				E1000001 /* SplashView.swift in Sources */,
				F1000001 /* AuthViewModel.swift in Sources */,
				F1000002 /* AuthView.swift in Sources */,
				F1000003 /* OnlineSessionViewModel.swift in Sources */,
				F1000004 /* OnlineSessionView.swift in Sources */,
				G1000001 /* ModeSelectionView.swift in Sources */,
				H1000001 /* ComputerGameViewModel.swift in Sources */,
				I1000001 /* ComputerGameView.swift in Sources */,
				J1000001 /* OnlineGameViewModel.swift in Sources */,
				K1000001 /* OnlineGameView.swift in Sources */,
				L1000001 /* GameHistoryView.swift in Sources */,
				M1000001 /* CardDealAnimationView.swift in Sources */,
				N1000001 /* QRScannerView.swift in Sources */,
				O1000001 /* AdaptiveColours.swift in Sources */,
				Q1000001 /* PlayerScoreBarChart.swift in Sources */,
				SE100001 /* ScoringEngine.swift in Sources */,
			);
			runOnlyForDeploymentPostprocessing = 0;
		};
/* End PBXSourcesBuildPhase section */

/* Begin XCBuildConfiguration section */
		A6000010 /* Debug */ = {
			isa = XCBuildConfiguration;
			buildSettings = {
				ALWAYS_SEARCH_USER_PATHS = NO;
				ASSETCATALOG_COMPILER_GENERATE_SWIFT_ASSET_SYMBOL_EXTENSIONS = YES;
				CLANG_ANALYZER_NONNULL = YES;
				CLANG_ANALYZER_NUMBER_OBJECT_CONVERSION = YES_AGGRESSIVE;
				CLANG_CXX_LANGUAGE_STANDARD = "gnu++20";
				CLANG_ENABLE_MODULES = YES;
				CLANG_ENABLE_OBJC_ARC = YES;
				CLANG_ENABLE_OBJC_WEAK = YES;
				CLANG_WARN_BLOCK_CAPTURE_AUTORELEASING = YES;
				CLANG_WARN_BOOL_CONVERSION = YES;
				CLANG_WARN_COMMA = YES;
				CLANG_WARN_CONSTANT_CONVERSION = YES;
				CLANG_WARN_DEPRECATED_OBJC_IMPLEMENTATIONS = YES;
				CLANG_WARN_DIRECT_OBJC_ISA_USAGE = YES_ERROR;
				CLANG_WARN_DOCUMENTATION_COMMENTS = YES;
				CLANG_WARN_EMPTY_BODY = YES;
				CLANG_WARN_ENUM_CONVERSION = YES;
				CLANG_WARN_INFINITE_RECURSION = YES;
				CLANG_WARN_INT_CONVERSION = YES;
				CLANG_WARN_NON_LITERAL_NULL_CONVERSION = YES;
				CLANG_WARN_OBJC_IMPLICIT_RETAIN_SELF = YES;
				CLANG_WARN_OBJC_LITERAL_CONVERSION = YES;
				CLANG_WARN_OBJC_ROOT_CLASS = YES_ERROR;
				CLANG_WARN_QUOTED_INCLUDE_IN_FRAMEWORK_HEADER = YES;
				CLANG_WARN_RANGE_LOOP_ANALYSIS = YES;
				CLANG_WARN_STRICT_PROTOTYPES = YES;
				CLANG_WARN_SUSPICIOUS_MOVE = YES;
				CLANG_WARN_UNGUARDED_AVAILABILITY = YES_AGGRESSIVE;
				CLANG_WARN_UNREACHABLE_CODE = YES;
				CLANG_WARN__DUPLICATE_METHOD_MATCH = YES;
				COPY_PHASE_STRIP = NO;
				DEBUG_INFORMATION_FORMAT = dwarf;
				ENABLE_STRICT_OBJC_MSGSEND = YES;
				ENABLE_TESTABILITY = YES;
				ENABLE_USER_SCRIPT_SANDBOXING = YES;
				GCC_C_LANGUAGE_STANDARD = gnu17;
				GCC_DYNAMIC_NO_PIC = NO;
				GCC_NO_COMMON_BLOCKS = YES;
				GCC_OPTIMIZATION_LEVEL = 0;
				GCC_PREPROCESSOR_DEFINITIONS = (
					"DEBUG=1",
					"$(inherited)",
				);
				GCC_WARN_64_TO_32_BIT_CONVERSION = YES;
				GCC_WARN_ABOUT_RETURN_TYPE = YES_ERROR;
				GCC_WARN_UNDECLARED_SELECTOR = YES;
				GCC_WARN_UNINITIALIZED_AUTOS = YES_AGGRESSIVE;
				GCC_WARN_UNUSED_FUNCTION = YES;
				GCC_WARN_UNUSED_VARIABLE = YES;
				IPHONEOS_DEPLOYMENT_TARGET = 17.0;
				LOCALIZATION_PREFERS_STRING_CATALOGS = YES;
				MTL_ENABLE_DEBUG_INFO = INCLUDE_SOURCE;
				MTL_FAST_MATH = YES;
				ONLY_ACTIVE_ARCH = YES;
				SDKROOT = iphoneos;
				SWIFT_ACTIVE_COMPILATION_CONDITIONS = "DEBUG $(inherited)";
				SWIFT_OPTIMIZATION_LEVEL = "-Onone";
			};
			name = Debug;
		};
		A6000011 /* Release */ = {
			isa = XCBuildConfiguration;
			buildSettings = {
				ALWAYS_SEARCH_USER_PATHS = NO;
				ASSETCATALOG_COMPILER_GENERATE_SWIFT_ASSET_SYMBOL_EXTENSIONS = YES;
				CLANG_ANALYZER_NONNULL = YES;
				CLANG_ANALYZER_NUMBER_OBJECT_CONVERSION = YES_AGGRESSIVE;
				CLANG_CXX_LANGUAGE_STANDARD = "gnu++20";
				CLANG_ENABLE_MODULES = YES;
				CLANG_ENABLE_OBJC_ARC = YES;
				CLANG_ENABLE_OBJC_WEAK = YES;
				CLANG_WARN_BLOCK_CAPTURE_AUTORELEASING = YES;
				CLANG_WARN_BOOL_CONVERSION = YES;
				CLANG_WARN_COMMA = YES;
				CLANG_WARN_CONSTANT_CONVERSION = YES;
				CLANG_WARN_DEPRECATED_OBJC_IMPLEMENTATIONS = YES;
				CLANG_WARN_DIRECT_OBJC_ISA_USAGE = YES_ERROR;
				CLANG_WARN_DOCUMENTATION_COMMENTS = YES;
				CLANG_WARN_EMPTY_BODY = YES;
				CLANG_WARN_ENUM_CONVERSION = YES;
				CLANG_WARN_INFINITE_RECURSION = YES;
				CLANG_WARN_INT_CONVERSION = YES;
				CLANG_WARN_NON_LITERAL_NULL_CONVERSION = YES;
				CLANG_WARN_OBJC_IMPLICIT_RETAIN_SELF = YES;
				CLANG_WARN_OBJC_LITERAL_CONVERSION = YES;
				CLANG_WARN_OBJC_ROOT_CLASS = YES_ERROR;
				CLANG_WARN_QUOTED_INCLUDE_IN_FRAMEWORK_HEADER = YES;
				CLANG_WARN_RANGE_LOOP_ANALYSIS = YES;
				CLANG_WARN_STRICT_PROTOTYPES = YES;
				CLANG_WARN_SUSPICIOUS_MOVE = YES;
				CLANG_WARN_UNGUARDED_AVAILABILITY = YES_AGGRESSIVE;
				CLANG_WARN_UNREACHABLE_CODE = YES;
				CLANG_WARN__DUPLICATE_METHOD_MATCH = YES;
				COPY_PHASE_STRIP = NO;
				DEBUG_INFORMATION_FORMAT = "dwarf-with-dsym";
				ENABLE_NS_ASSERTIONS = NO;
				ENABLE_STRICT_OBJC_MSGSEND = YES;
				ENABLE_USER_SCRIPT_SANDBOXING = YES;
				GCC_C_LANGUAGE_STANDARD = gnu17;
				GCC_NO_COMMON_BLOCKS = YES;
				GCC_WARN_64_TO_32_BIT_CONVERSION = YES;
				GCC_WARN_ABOUT_RETURN_TYPE = YES_ERROR;
				GCC_WARN_UNDECLARED_SELECTOR = YES;
				GCC_WARN_UNINITIALIZED_AUTOS = YES_AGGRESSIVE;
				GCC_WARN_UNUSED_FUNCTION = YES;
				GCC_WARN_UNUSED_VARIABLE = YES;
				IPHONEOS_DEPLOYMENT_TARGET = 17.0;
				LOCALIZATION_PREFERS_STRING_CATALOGS = YES;
				MTL_FAST_MATH = YES;
				SDKROOT = iphoneos;
				SWIFT_COMPILATION_MODE = wholemodule;
				VALIDATE_PRODUCT = YES;
			};
			name = Release;
		};
		A6000020 /* Debug */ = {
			isa = XCBuildConfiguration;
			buildSettings = {
				ASSETCATALOG_COMPILER_APPICON_NAME = AppIcon;
				ASSETCATALOG_COMPILER_GLOBAL_ACCENT_COLOR_NAME = AccentColor;
				CODE_SIGN_ENTITLEMENTS = MyApp/MyApp.entitlements;
				CODE_SIGN_STYLE = Automatic;
				CURRENT_PROJECT_VERSION = 2;
				DEVELOPMENT_ASSET_PATHS = "\"MyApp/Preview Content\"";
				DEVELOPMENT_TEAM = 7B5U5LACV3;
				ENABLE_PREVIEWS = YES;
				GENERATE_INFOPLIST_FILE = YES;
				INFOPLIST_FILE = MyApp/Info.plist;
				INFOPLIST_KEY_CFBundleDisplayName = "The Shady Spade";
				INFOPLIST_KEY_NSCameraUsageDescription = "Camera is used to scan QR codes to join a multiplayer game room.";
				INFOPLIST_KEY_NSHumanReadableCopyright = "© 2026 Vijay Goyal. All rights reserved.";
				INFOPLIST_KEY_UIApplicationSceneManifest_Generation = YES;
				INFOPLIST_KEY_UIApplicationSupportsIndirectInputEvents = YES;
				INFOPLIST_KEY_UILaunchScreen_Generation = YES;
				INFOPLIST_KEY_UISupportedInterfaceOrientations_iPad = "UIInterfaceOrientationPortrait UIInterfaceOrientationPortraitUpsideDown UIInterfaceOrientationLandscapeLeft UIInterfaceOrientationLandscapeRight";
				INFOPLIST_KEY_UISupportedInterfaceOrientations_iPhone = "UIInterfaceOrientationPortrait UIInterfaceOrientationLandscapeLeft UIInterfaceOrientationLandscapeRight";
				IPHONEOS_DEPLOYMENT_TARGET = 17.0;
				LD_RUNPATH_SEARCH_PATHS = (
					"$(inherited)",
					"@executable_path/Frameworks",
				);
				MARKETING_VERSION = 1.1;
				PRODUCT_BUNDLE_IDENTIFIER = com.vijaygoyal.theshadyspade;
				PRODUCT_NAME = "$(TARGET_NAME)";
				SUPPORTED_PLATFORMS = "iphoneos iphonesimulator";
				SUPPORTS_MACCATALYST = NO;
				SWIFT_EMIT_LOC_STRINGS = YES;
				SWIFT_VERSION = 5.0;
				TARGETED_DEVICE_FAMILY = "1,2";
			};
			name = Debug;
		};
		A6000021 /* Release */ = {
			isa = XCBuildConfiguration;
			buildSettings = {
				ASSETCATALOG_COMPILER_APPICON_NAME = AppIcon;
				ASSETCATALOG_COMPILER_GLOBAL_ACCENT_COLOR_NAME = AccentColor;
				CODE_SIGN_ENTITLEMENTS = MyApp/MyApp.entitlements;
				CODE_SIGN_STYLE = Automatic;
				CURRENT_PROJECT_VERSION = 2;
				DEVELOPMENT_ASSET_PATHS = "\"MyApp/Preview Content\"";
				DEVELOPMENT_TEAM = 7B5U5LACV3;
				ENABLE_PREVIEWS = YES;
				GENERATE_INFOPLIST_FILE = YES;
				INFOPLIST_FILE = MyApp/Info.plist;
				INFOPLIST_KEY_CFBundleDisplayName = "The Shady Spade";
				INFOPLIST_KEY_NSCameraUsageDescription = "Camera is used to scan QR codes to join a multiplayer game room.";
				INFOPLIST_KEY_NSHumanReadableCopyright = "© 2026 Vijay Goyal. All rights reserved.";
				INFOPLIST_KEY_UIApplicationSceneManifest_Generation = YES;
				INFOPLIST_KEY_UIApplicationSupportsIndirectInputEvents = YES;
				INFOPLIST_KEY_UILaunchScreen_Generation = YES;
				INFOPLIST_KEY_UISupportedInterfaceOrientations_iPad = "UIInterfaceOrientationPortrait UIInterfaceOrientationPortraitUpsideDown UIInterfaceOrientationLandscapeLeft UIInterfaceOrientationLandscapeRight";
				INFOPLIST_KEY_UISupportedInterfaceOrientations_iPhone = "UIInterfaceOrientationPortrait UIInterfaceOrientationLandscapeLeft UIInterfaceOrientationLandscapeRight";
				IPHONEOS_DEPLOYMENT_TARGET = 17.0;
				LD_RUNPATH_SEARCH_PATHS = (
					"$(inherited)",
					"@executable_path/Frameworks",
				);
				MARKETING_VERSION = 1.1;
				PRODUCT_BUNDLE_IDENTIFIER = com.vijaygoyal.theshadyspade;
				PRODUCT_NAME = "$(TARGET_NAME)";
				SUPPORTED_PLATFORMS = "iphoneos iphonesimulator";
				SUPPORTS_MACCATALYST = NO;
				SWIFT_EMIT_LOC_STRINGS = YES;
				SWIFT_VERSION = 5.0;
				TARGETED_DEVICE_FAMILY = "1,2";
			};
			name = Release;
		};
/* End XCBuildConfiguration section */

/* Begin XCConfigurationList section */
		A6000000 /* Build configuration list for PBXProject "MyApp" */ = {
			isa = XCConfigurationList;
			buildConfigurations = (
				A6000010 /* Debug */,
				A6000011 /* Release */,
			);
			defaultConfigurationIsVisible = 0;
			defaultConfigurationName = Release;
		};
		A6000001 /* Build configuration list for PBXNativeTarget "MyApp" */ = {
			isa = XCConfigurationList;
			buildConfigurations = (
				A6000020 /* Debug */,
				A6000021 /* Release */,
			);
			defaultConfigurationIsVisible = 0;
			defaultConfigurationName = Release;
		};
/* End XCConfigurationList section */

/* Begin XCRemoteSwiftPackageReference section */
		FB000001 /* XCRemoteSwiftPackageReference "firebase-ios-sdk" */ = {
			isa = XCRemoteSwiftPackageReference;
			repositoryURL = "https://github.com/firebase/firebase-ios-sdk";
			requirement = {
				kind = upToNextMajorVersion;
				minimumVersion = 11.0.0;
			};
		};
/* End XCRemoteSwiftPackageReference section */

/* Begin XCSwiftPackageProductDependency section */
		FB000002 /* FirebaseAuth */ = {
			isa = XCSwiftPackageProductDependency;
			package = FB000001 /* XCRemoteSwiftPackageReference "firebase-ios-sdk" */;
			productName = FirebaseAuth;
		};
		FB000003 /* FirebaseFirestore */ = {
			isa = XCSwiftPackageProductDependency;
			package = FB000001 /* XCRemoteSwiftPackageReference "firebase-ios-sdk" */;
			productName = FirebaseFirestore;
		};
/* End XCSwiftPackageProductDependency section */
	};
	rootObject = A7000001 /* Project object */;
}
