// !$*UTF8*$!
{
	archiveVersion = 1;
	classes = {
	};
	objectVersion = 56;
	objects = {

/* Begin PBXBuildFile section */
		9FCB9B032F54A07E005C3E4B /* GoogleService-Info.plist in Resources */ = {isa = PBXBuildFile; fileRef = 9FCB9B022F54A07D005C3E4B /* GoogleService-Info.plist */; };
		A1000001 /* MyAppApp.swift in Sources */ = {isa = PBXBuildFile; fileRef = A2000001 /* MyAppApp.swift */; };
		A1000003 /* Assets.xcassets in Resources */ = {isa = PBXBuildFile; fileRef = A2000003 /* Assets.xcassets */; };
		A1000004 /* Preview Assets.xcassets in Resources */ = {isa = PBXBuildFile; fileRef = A2000004 /* Preview Assets.xcassets */; };
		AI100001 /* AIEngine.swift in Sources */ = {isa = PBXBuildFile; fileRef = AI200001 /* AIEngine.swift */; };
		B1000001 /* GameModel.swift in Sources */ = {isa = PBXBuildFile; fileRef = B2000001 /* GameModel.swift */; };
		B1000002 /* GameViewModel.swift in Sources */ = {isa = PBXBuildFile; fileRef = B2000002 /* GameViewModel.swift */; };
		B1000005 /* Styles.swift in Sources */ = {isa = PBXBuildFile; fileRef = B2000005 /* Styles.swift */; };
		BT100001 /* BluetoothGameViewModel.swift in Sources */ = {isa = PBXBuildFile; fileRef = BT200001 /* BluetoothGameViewModel.swift */; };
		BT100002 /* BluetoothSessionView.swift in Sources */ = {isa = PBXBuildFile; fileRef = BT200002 /* BluetoothSessionView.swift */; };
		BT100003 /* BluetoothGameView.swift in Sources */ = {isa = PBXBuildFile; fileRef = BT200003 /* BluetoothGameView.swift */; };
		C1000001 /* SettingsView.swift in Sources */ = {isa = PBXBuildFile; fileRef = C2000001 /* SettingsView.swift */; };
		CT00001 /* ComicTheme.swift in Sources */ = {isa = PBXBuildFile; fileRef = CT00002 /* ComicTheme.swift */; };
		E1000001 /* SplashView.swift in Sources */ = {isa = PBXBuildFile; fileRef = E2000001 /* SplashView.swift */; };
		F1000003 /* OnlineSessionViewModel.swift in Sources */ = {isa = PBXBuildFile; fileRef = F2000003 /* OnlineSessionViewModel.swift */; };
		F1000004 /* OnlineSessionView.swift in Sources */ = {isa = PBXBuildFile; fileRef = F2000004 /* OnlineSessionView.swift */; };
		FB100001 /* FirebaseAuth in Frameworks */ = {isa = PBXBuildFile; productRef = FB000002 /* FirebaseAuth */; };
		FB100002 /* FirebaseFirestore in Frameworks */ = {isa = PBXBuildFile; productRef = FB000003 /* FirebaseFirestore */; };
		FB100003 /* FirebaseFunctions in Frameworks */ = {isa = PBXBuildFile; productRef = FB000004 /* FirebaseFunctions */; };
		GF100001 /* GameFlowRules.swift in Sources */ = {isa = PBXBuildFile; fileRef = GF200001 /* GameFlowRules.swift */; };
		G1000001 /* ModeSelectionView.swift in Sources */ = {isa = PBXBuildFile; fileRef = G2000001 /* ModeSelectionView.swift */; };
		H1000001 /* ComputerGameViewModel.swift in Sources */ = {isa = PBXBuildFile; fileRef = H2000001 /* ComputerGameViewModel.swift */; };
		I1000001 /* ComputerGameView.swift in Sources */ = {isa = PBXBuildFile; fileRef = I2000001 /* ComputerGameView.swift */; };
		J1000001 /* OnlineGameViewModel.swift in Sources */ = {isa = PBXBuildFile; fileRef = J2000001 /* OnlineGameViewModel.swift */; };
		K1000001 /* OnlineGameView.swift in Sources */ = {isa = PBXBuildFile; fileRef = K2000001 /* OnlineGameView.swift */; };
		L1000001 /* GameHistoryView.swift in Sources */ = {isa = PBXBuildFile; fileRef = L2000001 /* GameHistoryView.swift */; };
		LC100001 /* LeaderboardConsentManager.swift in Sources */ = {isa = PBXBuildFile; fileRef = LC200001 /* LeaderboardConsentManager.swift */; };
		LC100002 /* LeaderboardConsentSheet.swift in Sources */ = {isa = PBXBuildFile; fileRef = LC200002 /* LeaderboardConsentSheet.swift */; };
		LGS100001 /* LocalGameServer.swift in Sources */ = {isa = PBXBuildFile; fileRef = LGS200001 /* LocalGameServer.swift */; };
		LPQ100001 /* LeaderboardPendingQueue.swift in Sources */ = {isa = PBXBuildFile; fileRef = LPQ200001 /* LeaderboardPendingQueue.swift */; };
		LSR100001 /* LeaderboardSendRequest.swift in Sources */ = {isa = PBXBuildFile; fileRef = LSR200001 /* LeaderboardSendRequest.swift */; };
		LSM100001 /* LeaderboardSnapshotMapper.swift in Sources */ = {isa = PBXBuildFile; fileRef = LSM200001 /* LeaderboardSnapshotMapper.swift */; };
		LS100001 /* LeaderboardService.swift in Sources */ = {isa = PBXBuildFile; fileRef = LS200001 /* LeaderboardService.swift */; };
		LV100001 /* LeaderboardView.swift in Sources */ = {isa = PBXBuildFile; fileRef = LV200001 /* LeaderboardView.swift */; };
		M1000001 /* CardDealAnimationView.swift in Sources */ = {isa = PBXBuildFile; fileRef = M2000001 /* CardDealAnimationView.swift */; };
		N1000001 /* QRScannerView.swift in Sources */ = {isa = PBXBuildFile; fileRef = N2000001 /* QRScannerView.swift */; };
		O1000001 /* AdaptiveColours.swift in Sources */ = {isa = PBXBuildFile; fileRef = O2000001 /* AdaptiveColours.swift */; };
		P1000001 /* PrivacyInfo.xcprivacy in Resources */ = {isa = PBXBuildFile; fileRef = P2000001 /* PrivacyInfo.xcprivacy */; };
		PF100001 /* ProfanityFilter.swift in Sources */ = {isa = PBXBuildFile; fileRef = PF200001 /* ProfanityFilter.swift */; };
		Q1000001 /* PlayerScoreBarChart.swift in Sources */ = {isa = PBXBuildFile; fileRef = Q2000001 /* PlayerScoreBarChart.swift */; };
		SE100001 /* ScoringEngine.swift in Sources */ = {isa = PBXBuildFile; fileRef = SE200001 /* ScoringEngine.swift */; };
		SK100001 /* ScorekeeperModels.swift in Sources */ = {isa = PBXBuildFile; fileRef = SK200001 /* ScorekeeperModels.swift */; };
		SK100002 /* ScorekeeperView.swift in Sources */ = {isa = PBXBuildFile; fileRef = SK200002 /* ScorekeeperView.swift */; };
		SK100003 /* ScorekeeperSessionService.swift in Sources */ = {isa = PBXBuildFile; fileRef = SK200003 /* ScorekeeperSessionService.swift */; };
		SKW100001 /* ScorekeeperWatchMessages.swift in Sources */ = {isa = PBXBuildFile; fileRef = SKW200001 /* ScorekeeperWatchMessages.swift */; };
		SKW100002 /* ScorekeeperWatchBridge.swift in Sources */ = {isa = PBXBuildFile; fileRef = SKW200002 /* ScorekeeperWatchBridge.swift */; };
		SGS100001 /* SyncedGameStateMapper.swift in Sources */ = {isa = PBXBuildFile; fileRef = SGS200001 /* SyncedGameStateMapper.swift */; };
		WAT100001 /* MyAppWatchApp.swift in Sources */ = {isa = PBXBuildFile; fileRef = WAT200001 /* MyAppWatchApp.swift */; };
		WAT100002 /* WatchScorekeeperView.swift in Sources */ = {isa = PBXBuildFile; fileRef = WAT200002 /* WatchScorekeeperView.swift */; };
		WAT100003 /* WatchScorekeeperViewModel.swift in Sources */ = {isa = PBXBuildFile; fileRef = WAT200003 /* WatchScorekeeperViewModel.swift */; };
		WAT100004 /* ScorekeeperWatchMessages.swift in Sources */ = {isa = PBXBuildFile; fileRef = SKW200001 /* ScorekeeperWatchMessages.swift */; };
		WAT100005 /* MyApp Watch App.app in Embed Watch Content */ = {isa = PBXBuildFile; fileRef = WAT200000 /* MyApp Watch App.app */; settings = {ATTRIBUTES = (RemoveHeadersOnCopy, ); }; };
		WAT100006 /* Assets.xcassets in Resources */ = {isa = PBXBuildFile; fileRef = WAT200004 /* Assets.xcassets */; };
		MAV100001 /* MultiplayerActionValidator.swift in Sources */ = {isa = PBXBuildFile; fileRef = MAV200001 /* MultiplayerActionValidator.swift */; };
		SSL100001 /* ShadySpadeLinks.swift in Sources */ = {isa = PBXBuildFile; fileRef = SSL200001 /* ShadySpadeLinks.swift */; };
		TE100001 /* ThemeEngine.swift in Sources */ = {isa = PBXBuildFile; fileRef = TE200001 /* ThemeEngine.swift */; };
		TE100002 /* Themes.swift in Sources */ = {isa = PBXBuildFile; fileRef = TE200002 /* Themes.swift */; };
		TE100003 /* ThemeManager.swift in Sources */ = {isa = PBXBuildFile; fileRef = TE200003 /* ThemeManager.swift */; };
		TE100004 /* ThemedComponents.swift in Sources */ = {isa = PBXBuildFile; fileRef = TE200004 /* ThemedComponents.swift */; };
		TN100001 /* TurnNudge.swift in Sources */ = {isa = PBXBuildFile; fileRef = TN200001 /* TurnNudge.swift */; };
		TV100001 /* TVDisplayManager.swift in Sources */ = {isa = PBXBuildFile; fileRef = TV200001 /* TVDisplayManager.swift */; };
		TV100002 /* TVGameView.swift in Sources */ = {isa = PBXBuildFile; fileRef = TV200002 /* TVGameView.swift */; };
		TX100001 /* AIEngineTests.swift in Sources */ = {isa = PBXBuildFile; fileRef = TX200001 /* AIEngineTests.swift */; };
		TX100002 /* ScorekeeperTests.swift in Sources */ = {isa = PBXBuildFile; fileRef = TX200002 /* ScorekeeperTests.swift */; };
		TX100003 /* ScorekeeperSessionServiceTests.swift in Sources */ = {isa = PBXBuildFile; fileRef = TX200003 /* ScorekeeperSessionServiceTests.swift */; };
		TX100004 /* AppRegressionTests.swift in Sources */ = {isa = PBXBuildFile; fileRef = TX200004 /* AppRegressionTests.swift */; };
		TX100005 /* GameViewModelPersistenceTests.swift in Sources */ = {isa = PBXBuildFile; fileRef = TX200005 /* GameViewModelPersistenceTests.swift */; };
		TX100006 /* GameHistoryBuilderTests.swift in Sources */ = {isa = PBXBuildFile; fileRef = TX200006 /* GameHistoryBuilderTests.swift */; };
		TX100007 /* OnlineSessionViewModelTests.swift in Sources */ = {isa = PBXBuildFile; fileRef = TX200007 /* OnlineSessionViewModelTests.swift */; };
		TX100008 /* ComputerGameViewModelTests.swift in Sources */ = {isa = PBXBuildFile; fileRef = TX200008 /* ComputerGameViewModelTests.swift */; };
		TX100009 /* LeaderboardPresentationTests.swift in Sources */ = {isa = PBXBuildFile; fileRef = TX200009 /* LeaderboardPresentationTests.swift */; };
		TX100010 /* GameFlowRulesTests.swift in Sources */ = {isa = PBXBuildFile; fileRef = TX200010 /* GameFlowRulesTests.swift */; };
		TX100011 /* MultiplayerViewModelRulesTests.swift in Sources */ = {isa = PBXBuildFile; fileRef = TX200011 /* MultiplayerViewModelRulesTests.swift */; };
		TX100012 /* LeaderboardPendingQueueTests.swift in Sources */ = {isa = PBXBuildFile; fileRef = TX200012 /* LeaderboardPendingQueueTests.swift */; };
		TX100013 /* LeaderboardSendRequestTests.swift in Sources */ = {isa = PBXBuildFile; fileRef = TX200013 /* LeaderboardSendRequestTests.swift */; };
		TX100014 /* LeaderboardSnapshotMapperTests.swift in Sources */ = {isa = PBXBuildFile; fileRef = TX200014 /* LeaderboardSnapshotMapperTests.swift */; };
		TX100015 /* SyncedGameStateMapperTests.swift in Sources */ = {isa = PBXBuildFile; fileRef = TX200015 /* SyncedGameStateMapperTests.swift */; };
		TX100016 /* MultiplayerActionValidatorTests.swift in Sources */ = {isa = PBXBuildFile; fileRef = TX200016 /* MultiplayerActionValidatorTests.swift */; };
		TX100017 /* ScorekeeperWatchBridgeTests.swift in Sources */ = {isa = PBXBuildFile; fileRef = TX200017 /* ScorekeeperWatchBridgeTests.swift */; };
		UI100001 /* ScorekeeperFlowUITests.swift in Sources */ = {isa = PBXBuildFile; fileRef = UI200001 /* ScorekeeperFlowUITests.swift */; };
		UI100002 /* AppLaunchFlowUITests.swift in Sources */ = {isa = PBXBuildFile; fileRef = UI200002 /* AppLaunchFlowUITests.swift */; };
/* End PBXBuildFile section */

/* Begin PBXContainerItemProxy section */
		TX800001 /* PBXContainerItemProxy */ = {
			isa = PBXContainerItemProxy;
			containerPortal = A7000001 /* Project object */;
			proxyType = 1;
			remoteGlobalIDString = A5000001;
			remoteInfo = MyApp;
		};
		UI800001 /* PBXContainerItemProxy */ = {
			isa = PBXContainerItemProxy;
			containerPortal = A7000001 /* Project object */;
			proxyType = 1;
			remoteGlobalIDString = A5000001;
			remoteInfo = MyApp;
		};
		WAT800001 /* PBXContainerItemProxy */ = {
			isa = PBXContainerItemProxy;
			containerPortal = A7000001 /* Project object */;
			proxyType = 1;
			remoteGlobalIDString = WAT500001;
			remoteInfo = "MyApp Watch App";
		};
/* End PBXContainerItemProxy section */

/* Begin PBXCopyFilesBuildPhase section */
		A3000003 /* Embed Watch Content */ = {
			isa = PBXCopyFilesBuildPhase;
			buildActionMask = 2147483647;
			dstPath = "$(CONTENTS_FOLDER_PATH)/Watch";
			dstSubfolderSpec = 16;
			files = (
				WAT100005 /* MyApp Watch App.app in Embed Watch Content */,
			);
			name = "Embed Watch Content";
			runOnlyForDeploymentPostprocessing = 0;
		};
/* End PBXCopyFilesBuildPhase section */

/* Begin PBXFileReference section */
		9F4365EF2F66FDBF008FD94E /* Info.plist */ = {isa = PBXFileReference; lastKnownFileType = text.plist; path = Info.plist; sourceTree = "<group>"; };
		9F4365F02F67002C008FD94E /* MyApp.entitlements */ = {isa = PBXFileReference; lastKnownFileType = text.plist.entitlements; path = MyApp.entitlements; sourceTree = "<group>"; };
		9F4365F12F67002C008FD94E /* MyAppDebug.entitlements */ = {isa = PBXFileReference; lastKnownFileType = text.plist.entitlements; path = MyAppDebug.entitlements; sourceTree = "<group>"; };
		9FCB9B022F54A07D005C3E4B /* GoogleService-Info.plist */ = {isa = PBXFileReference; lastKnownFileType = text.plist.xml; path = "GoogleService-Info.plist"; sourceTree = "<group>"; };
		A2000000 /* MyApp.app */ = {isa = PBXFileReference; explicitFileType = wrapper.application; includeInIndex = 0; path = MyApp.app; sourceTree = BUILT_PRODUCTS_DIR; };
		A2000001 /* MyAppApp.swift */ = {isa = PBXFileReference; lastKnownFileType = sourcecode.swift; path = MyAppApp.swift; sourceTree = "<group>"; };
		A2000003 /* Assets.xcassets */ = {isa = PBXFileReference; lastKnownFileType = folder.assetcatalog; path = Assets.xcassets; sourceTree = "<group>"; };
		A2000004 /* Preview Assets.xcassets */ = {isa = PBXFileReference; lastKnownFileType = folder.assetcatalog; path = "Preview Assets.xcassets"; sourceTree = "<group>"; };
		AI200001 /* AIEngine.swift */ = {isa = PBXFileReference; lastKnownFileType = sourcecode.swift; path = AIEngine.swift; sourceTree = "<group>"; };
		B2000001 /* GameModel.swift */ = {isa = PBXFileReference; lastKnownFileType = sourcecode.swift; path = GameModel.swift; sourceTree = "<group>"; };
		B2000002 /* GameViewModel.swift */ = {isa = PBXFileReference; lastKnownFileType = sourcecode.swift; path = GameViewModel.swift; sourceTree = "<group>"; };
		B2000005 /* Styles.swift */ = {isa = PBXFileReference; lastKnownFileType = sourcecode.swift; path = Styles.swift; sourceTree = "<group>"; };
		BT200001 /* BluetoothGameViewModel.swift */ = {isa = PBXFileReference; lastKnownFileType = sourcecode.swift; path = BluetoothGameViewModel.swift; sourceTree = "<group>"; };
		BT200002 /* BluetoothSessionView.swift */ = {isa = PBXFileReference; lastKnownFileType = sourcecode.swift; path = BluetoothSessionView.swift; sourceTree = "<group>"; };
		BT200003 /* BluetoothGameView.swift */ = {isa = PBXFileReference; lastKnownFileType = sourcecode.swift; path = BluetoothGameView.swift; sourceTree = "<group>"; };
		C2000001 /* SettingsView.swift */ = {isa = PBXFileReference; lastKnownFileType = sourcecode.swift; path = SettingsView.swift; sourceTree = "<group>"; };
		CT00002 /* ComicTheme.swift */ = {isa = PBXFileReference; lastKnownFileType = sourcecode.swift; path = ComicTheme.swift; sourceTree = "<group>"; };
		E2000001 /* SplashView.swift */ = {isa = PBXFileReference; lastKnownFileType = sourcecode.swift; path = SplashView.swift; sourceTree = "<group>"; };
		F2000003 /* OnlineSessionViewModel.swift */ = {isa = PBXFileReference; lastKnownFileType = sourcecode.swift; path = OnlineSessionViewModel.swift; sourceTree = "<group>"; };
		F2000004 /* OnlineSessionView.swift */ = {isa = PBXFileReference; lastKnownFileType = sourcecode.swift; path = OnlineSessionView.swift; sourceTree = "<group>"; };
		GF200001 /* GameFlowRules.swift */ = {isa = PBXFileReference; lastKnownFileType = sourcecode.swift; path = GameFlowRules.swift; sourceTree = "<group>"; };
		G2000001 /* ModeSelectionView.swift */ = {isa = PBXFileReference; lastKnownFileType = sourcecode.swift; path = ModeSelectionView.swift; sourceTree = "<group>"; };
		H2000001 /* ComputerGameViewModel.swift */ = {isa = PBXFileReference; lastKnownFileType = sourcecode.swift; path = ComputerGameViewModel.swift; sourceTree = "<group>"; };
		I2000001 /* ComputerGameView.swift */ = {isa = PBXFileReference; lastKnownFileType = sourcecode.swift; path = ComputerGameView.swift; sourceTree = "<group>"; };
		J2000001 /* OnlineGameViewModel.swift */ = {isa = PBXFileReference; lastKnownFileType = sourcecode.swift; path = OnlineGameViewModel.swift; sourceTree = "<group>"; };
		K2000001 /* OnlineGameView.swift */ = {isa = PBXFileReference; lastKnownFileType = sourcecode.swift; path = OnlineGameView.swift; sourceTree = "<group>"; };
		L2000001 /* GameHistoryView.swift */ = {isa = PBXFileReference; lastKnownFileType = sourcecode.swift; path = GameHistoryView.swift; sourceTree = "<group>"; };
		LC200001 /* LeaderboardConsentManager.swift */ = {isa = PBXFileReference; lastKnownFileType = sourcecode.swift; path = LeaderboardConsentManager.swift; sourceTree = "<group>"; };
		LC200002 /* LeaderboardConsentSheet.swift */ = {isa = PBXFileReference; lastKnownFileType = sourcecode.swift; path = LeaderboardConsentSheet.swift; sourceTree = "<group>"; };
		LGS200001 /* LocalGameServer.swift */ = {isa = PBXFileReference; lastKnownFileType = sourcecode.swift; path = LocalGameServer.swift; sourceTree = "<group>"; };
		LPQ200001 /* LeaderboardPendingQueue.swift */ = {isa = PBXFileReference; lastKnownFileType = sourcecode.swift; path = LeaderboardPendingQueue.swift; sourceTree = "<group>"; };
		LSR200001 /* LeaderboardSendRequest.swift */ = {isa = PBXFileReference; lastKnownFileType = sourcecode.swift; path = LeaderboardSendRequest.swift; sourceTree = "<group>"; };
		LSM200001 /* LeaderboardSnapshotMapper.swift */ = {isa = PBXFileReference; lastKnownFileType = sourcecode.swift; path = LeaderboardSnapshotMapper.swift; sourceTree = "<group>"; };
		LS200001 /* LeaderboardService.swift */ = {isa = PBXFileReference; lastKnownFileType = sourcecode.swift; path = LeaderboardService.swift; sourceTree = "<group>"; };
		LV200001 /* LeaderboardView.swift */ = {isa = PBXFileReference; lastKnownFileType = sourcecode.swift; path = LeaderboardView.swift; sourceTree = "<group>"; };
		M2000001 /* CardDealAnimationView.swift */ = {isa = PBXFileReference; lastKnownFileType = sourcecode.swift; path = CardDealAnimationView.swift; sourceTree = "<group>"; };
		N2000001 /* QRScannerView.swift */ = {isa = PBXFileReference; lastKnownFileType = sourcecode.swift; path = QRScannerView.swift; sourceTree = "<group>"; };
		O2000001 /* AdaptiveColours.swift */ = {isa = PBXFileReference; lastKnownFileType = sourcecode.swift; path = AdaptiveColours.swift; sourceTree = "<group>"; };
		P2000001 /* PrivacyInfo.xcprivacy */ = {isa = PBXFileReference; lastKnownFileType = text.plist.xml; path = PrivacyInfo.xcprivacy; sourceTree = "<group>"; };
		PF200001 /* ProfanityFilter.swift */ = {isa = PBXFileReference; lastKnownFileType = sourcecode.swift; path = ProfanityFilter.swift; sourceTree = "<group>"; };
		Q2000001 /* PlayerScoreBarChart.swift */ = {isa = PBXFileReference; lastKnownFileType = sourcecode.swift; path = PlayerScoreBarChart.swift; sourceTree = "<group>"; };
		SE200001 /* ScoringEngine.swift */ = {isa = PBXFileReference; lastKnownFileType = sourcecode.swift; path = ScoringEngine.swift; sourceTree = "<group>"; };
		SK200001 /* ScorekeeperModels.swift */ = {isa = PBXFileReference; lastKnownFileType = sourcecode.swift; path = ScorekeeperModels.swift; sourceTree = "<group>"; };
		SK200002 /* ScorekeeperView.swift */ = {isa = PBXFileReference; lastKnownFileType = sourcecode.swift; path = ScorekeeperView.swift; sourceTree = "<group>"; };
		SK200003 /* ScorekeeperSessionService.swift */ = {isa = PBXFileReference; lastKnownFileType = sourcecode.swift; path = ScorekeeperSessionService.swift; sourceTree = "<group>"; };
		SKW200001 /* ScorekeeperWatchMessages.swift */ = {isa = PBXFileReference; lastKnownFileType = sourcecode.swift; path = ScorekeeperWatchMessages.swift; sourceTree = "<group>"; };
		SKW200002 /* ScorekeeperWatchBridge.swift */ = {isa = PBXFileReference; lastKnownFileType = sourcecode.swift; path = ScorekeeperWatchBridge.swift; sourceTree = "<group>"; };
		SGS200001 /* SyncedGameStateMapper.swift */ = {isa = PBXFileReference; lastKnownFileType = sourcecode.swift; path = SyncedGameStateMapper.swift; sourceTree = "<group>"; };
		MAV200001 /* MultiplayerActionValidator.swift */ = {isa = PBXFileReference; lastKnownFileType = sourcecode.swift; path = MultiplayerActionValidator.swift; sourceTree = "<group>"; };
		SSL200001 /* ShadySpadeLinks.swift */ = {isa = PBXFileReference; lastKnownFileType = sourcecode.swift; path = ShadySpadeLinks.swift; sourceTree = "<group>"; };
		TE200001 /* ThemeEngine.swift */ = {isa = PBXFileReference; lastKnownFileType = sourcecode.swift; path = ThemeEngine.swift; sourceTree = "<group>"; };
		TE200002 /* Themes.swift */ = {isa = PBXFileReference; lastKnownFileType = sourcecode.swift; path = Themes.swift; sourceTree = "<group>"; };
		TE200003 /* ThemeManager.swift */ = {isa = PBXFileReference; lastKnownFileType = sourcecode.swift; path = ThemeManager.swift; sourceTree = "<group>"; };
		TE200004 /* ThemedComponents.swift */ = {isa = PBXFileReference; lastKnownFileType = sourcecode.swift; path = ThemedComponents.swift; sourceTree = "<group>"; };
		TN200001 /* TurnNudge.swift */ = {isa = PBXFileReference; lastKnownFileType = sourcecode.swift; path = TurnNudge.swift; sourceTree = "<group>"; };
		TV200001 /* TVDisplayManager.swift */ = {isa = PBXFileReference; lastKnownFileType = sourcecode.swift; path = TVDisplayManager.swift; sourceTree = "<group>"; };
		TV200002 /* TVGameView.swift */ = {isa = PBXFileReference; lastKnownFileType = sourcecode.swift; path = TVGameView.swift; sourceTree = "<group>"; };
		TX200000 /* MyAppTests.xctest */ = {isa = PBXFileReference; explicitFileType = wrapper.cfbundle; includeInIndex = 0; path = MyAppTests.xctest; sourceTree = BUILT_PRODUCTS_DIR; };
		TX200001 /* AIEngineTests.swift */ = {isa = PBXFileReference; lastKnownFileType = sourcecode.swift; path = AIEngineTests.swift; sourceTree = "<group>"; };
		TX200002 /* ScorekeeperTests.swift */ = {isa = PBXFileReference; lastKnownFileType = sourcecode.swift; path = ScorekeeperTests.swift; sourceTree = "<group>"; };
		TX200003 /* ScorekeeperSessionServiceTests.swift */ = {isa = PBXFileReference; lastKnownFileType = sourcecode.swift; path = ScorekeeperSessionServiceTests.swift; sourceTree = "<group>"; };
		TX200004 /* AppRegressionTests.swift */ = {isa = PBXFileReference; lastKnownFileType = sourcecode.swift; path = AppRegressionTests.swift; sourceTree = "<group>"; };
		TX200005 /* GameViewModelPersistenceTests.swift */ = {isa = PBXFileReference; lastKnownFileType = sourcecode.swift; path = GameViewModelPersistenceTests.swift; sourceTree = "<group>"; };
		TX200006 /* GameHistoryBuilderTests.swift */ = {isa = PBXFileReference; lastKnownFileType = sourcecode.swift; path = GameHistoryBuilderTests.swift; sourceTree = "<group>"; };
		TX200007 /* OnlineSessionViewModelTests.swift */ = {isa = PBXFileReference; lastKnownFileType = sourcecode.swift; path = OnlineSessionViewModelTests.swift; sourceTree = "<group>"; };
		TX200008 /* ComputerGameViewModelTests.swift */ = {isa = PBXFileReference; lastKnownFileType = sourcecode.swift; path = ComputerGameViewModelTests.swift; sourceTree = "<group>"; };
		TX200009 /* LeaderboardPresentationTests.swift */ = {isa = PBXFileReference; lastKnownFileType = sourcecode.swift; path = LeaderboardPresentationTests.swift; sourceTree = "<group>"; };
		TX200010 /* GameFlowRulesTests.swift */ = {isa = PBXFileReference; lastKnownFileType = sourcecode.swift; path = GameFlowRulesTests.swift; sourceTree = "<group>"; };
		TX200011 /* MultiplayerViewModelRulesTests.swift */ = {isa = PBXFileReference; lastKnownFileType = sourcecode.swift; path = MultiplayerViewModelRulesTests.swift; sourceTree = "<group>"; };
		TX200012 /* LeaderboardPendingQueueTests.swift */ = {isa = PBXFileReference; lastKnownFileType = sourcecode.swift; path = LeaderboardPendingQueueTests.swift; sourceTree = "<group>"; };
		TX200013 /* LeaderboardSendRequestTests.swift */ = {isa = PBXFileReference; lastKnownFileType = sourcecode.swift; path = LeaderboardSendRequestTests.swift; sourceTree = "<group>"; };
		TX200014 /* LeaderboardSnapshotMapperTests.swift */ = {isa = PBXFileReference; lastKnownFileType = sourcecode.swift; path = LeaderboardSnapshotMapperTests.swift; sourceTree = "<group>"; };
		TX200015 /* SyncedGameStateMapperTests.swift */ = {isa = PBXFileReference; lastKnownFileType = sourcecode.swift; path = SyncedGameStateMapperTests.swift; sourceTree = "<group>"; };
		TX200016 /* MultiplayerActionValidatorTests.swift */ = {isa = PBXFileReference; lastKnownFileType = sourcecode.swift; path = MultiplayerActionValidatorTests.swift; sourceTree = "<group>"; };
		TX200017 /* ScorekeeperWatchBridgeTests.swift */ = {isa = PBXFileReference; lastKnownFileType = sourcecode.swift; path = ScorekeeperWatchBridgeTests.swift; sourceTree = "<group>"; };
		UI200000 /* MyAppUITests.xctest */ = {isa = PBXFileReference; explicitFileType = wrapper.cfbundle; includeInIndex = 0; path = MyAppUITests.xctest; sourceTree = BUILT_PRODUCTS_DIR; };
		UI200001 /* ScorekeeperFlowUITests.swift */ = {isa = PBXFileReference; lastKnownFileType = sourcecode.swift; path = ScorekeeperFlowUITests.swift; sourceTree = "<group>"; };
		UI200002 /* AppLaunchFlowUITests.swift */ = {isa = PBXFileReference; lastKnownFileType = sourcecode.swift; path = AppLaunchFlowUITests.swift; sourceTree = "<group>"; };
		WAT200000 /* MyApp Watch App.app */ = {isa = PBXFileReference; explicitFileType = wrapper.application; includeInIndex = 0; path = "MyApp Watch App.app"; sourceTree = BUILT_PRODUCTS_DIR; };
		WAT200001 /* MyAppWatchApp.swift */ = {isa = PBXFileReference; lastKnownFileType = sourcecode.swift; path = MyAppWatchApp.swift; sourceTree = "<group>"; };
		WAT200002 /* WatchScorekeeperView.swift */ = {isa = PBXFileReference; lastKnownFileType = sourcecode.swift; path = WatchScorekeeperView.swift; sourceTree = "<group>"; };
		WAT200003 /* WatchScorekeeperViewModel.swift */ = {isa = PBXFileReference; lastKnownFileType = sourcecode.swift; path = WatchScorekeeperViewModel.swift; sourceTree = "<group>"; };
		WAT200004 /* Assets.xcassets */ = {isa = PBXFileReference; lastKnownFileType = folder.assetcatalog; path = Assets.xcassets; sourceTree = "<group>"; };
/* End PBXFileReference section */

/* Begin PBXFrameworksBuildPhase section */
		A3000001 /* Frameworks */ = {
			isa = PBXFrameworksBuildPhase;
			buildActionMask = 2147483647;
			files = (
				FB100001 /* FirebaseAuth in Frameworks */,
				FB100002 /* FirebaseFirestore in Frameworks */,
				FB100003 /* FirebaseFunctions in Frameworks */,
			);
			runOnlyForDeploymentPostprocessing = 0;
		};
		TX300001 /* Frameworks */ = {
			isa = PBXFrameworksBuildPhase;
			buildActionMask = 2147483647;
			files = (
			);
			runOnlyForDeploymentPostprocessing = 0;
		};
		UI300001 /* Frameworks */ = {
			isa = PBXFrameworksBuildPhase;
			buildActionMask = 2147483647;
			files = (
			);
			runOnlyForDeploymentPostprocessing = 0;
		};
		WAT300001 /* Frameworks */ = {
			isa = PBXFrameworksBuildPhase;
			buildActionMask = 2147483647;
			files = (
			);
			runOnlyForDeploymentPostprocessing = 0;
		};
/* End PBXFrameworksBuildPhase section */

/* Begin PBXGroup section */
		A4000000 = {
			isa = PBXGroup;
			children = (
				A4000001 /* MyApp */,
				WAT400000 /* MyApp Watch App */,
				TX400000 /* MyAppTests */,
				UI400000 /* MyAppUITests */,
				A4000002 /* Products */,
			);
			sourceTree = "<group>";
		};
		A4000001 /* MyApp */ = {
			isa = PBXGroup;
			children = (
				9F4365F02F67002C008FD94E /* MyApp.entitlements */,
				9F4365F12F67002C008FD94E /* MyAppDebug.entitlements */,
				9F4365EF2F66FDBF008FD94E /* Info.plist */,
				A2000001 /* MyAppApp.swift */,
				C2000001 /* SettingsView.swift */,
				E2000001 /* SplashView.swift */,
				B2000001 /* GameModel.swift */,
				B2000002 /* GameViewModel.swift */,
				B2000005 /* Styles.swift */,
				CT00002 /* ComicTheme.swift */,
				TE200001 /* ThemeEngine.swift */,
				TE200002 /* Themes.swift */,
				TE200003 /* ThemeManager.swift */,
				TE200004 /* ThemedComponents.swift */,
				F2000003 /* OnlineSessionViewModel.swift */,
				F2000004 /* OnlineSessionView.swift */,
				G2000001 /* ModeSelectionView.swift */,
				SK200001 /* ScorekeeperModels.swift */,
				SK200002 /* ScorekeeperView.swift */,
				SK200003 /* ScorekeeperSessionService.swift */,
				SKW200001 /* ScorekeeperWatchMessages.swift */,
				SKW200002 /* ScorekeeperWatchBridge.swift */,
				SGS200001 /* SyncedGameStateMapper.swift */,
				GF200001 /* GameFlowRules.swift */,
				MAV200001 /* MultiplayerActionValidator.swift */,
				SSL200001 /* ShadySpadeLinks.swift */,
				H2000001 /* ComputerGameViewModel.swift */,
				I2000001 /* ComputerGameView.swift */,
				J2000001 /* OnlineGameViewModel.swift */,
				K2000001 /* OnlineGameView.swift */,
				BT200001 /* BluetoothGameViewModel.swift */,
				BT200002 /* BluetoothSessionView.swift */,
				BT200003 /* BluetoothGameView.swift */,
				TV200001 /* TVDisplayManager.swift */,
				TV200002 /* TVGameView.swift */,
				LGS200001 /* LocalGameServer.swift */,
				AI200001 /* AIEngine.swift */,
				L2000001 /* GameHistoryView.swift */,
				M2000001 /* CardDealAnimationView.swift */,
				N2000001 /* QRScannerView.swift */,
				O2000001 /* AdaptiveColours.swift */,
				Q2000001 /* PlayerScoreBarChart.swift */,
				SE200001 /* ScoringEngine.swift */,
				LC200001 /* LeaderboardConsentManager.swift */,
				LC200002 /* LeaderboardConsentSheet.swift */,
				LPQ200001 /* LeaderboardPendingQueue.swift */,
				LSR200001 /* LeaderboardSendRequest.swift */,
				LSM200001 /* LeaderboardSnapshotMapper.swift */,
				LS200001 /* LeaderboardService.swift */,
				PF200001 /* ProfanityFilter.swift */,
				LV200001 /* LeaderboardView.swift */,
				TN200001 /* TurnNudge.swift */,
				A2000003 /* Assets.xcassets */,
				A4000003 /* Preview Content */,
				9FCB9B022F54A07D005C3E4B /* GoogleService-Info.plist */,
				P2000001 /* PrivacyInfo.xcprivacy */,
			);
			path = MyApp;
			sourceTree = "<group>";
		};
		A4000002 /* Products */ = {
			isa = PBXGroup;
			children = (
				A2000000 /* MyApp.app */,
				WAT200000 /* MyApp Watch App.app */,
				TX200000 /* MyAppTests.xctest */,
				UI200000 /* MyAppUITests.xctest */,
			);
			name = Products;
			sourceTree = "<group>";
		};
		A4000003 /* Preview Content */ = {
			isa = PBXGroup;
			children = (
				A2000004 /* Preview Assets.xcassets */,
			);
			path = "Preview Content";
			sourceTree = "<group>";
		};
		TX400000 /* MyAppTests */ = {
			isa = PBXGroup;
			children = (
				TX200001 /* AIEngineTests.swift */,
				TX200002 /* ScorekeeperTests.swift */,
				TX200003 /* ScorekeeperSessionServiceTests.swift */,
				TX200004 /* AppRegressionTests.swift */,
				TX200005 /* GameViewModelPersistenceTests.swift */,
				TX200006 /* GameHistoryBuilderTests.swift */,
				TX200007 /* OnlineSessionViewModelTests.swift */,
				TX200008 /* ComputerGameViewModelTests.swift */,
				TX200009 /* LeaderboardPresentationTests.swift */,
				TX200010 /* GameFlowRulesTests.swift */,
				TX200011 /* MultiplayerViewModelRulesTests.swift */,
				TX200012 /* LeaderboardPendingQueueTests.swift */,
				TX200013 /* LeaderboardSendRequestTests.swift */,
				TX200014 /* LeaderboardSnapshotMapperTests.swift */,
				TX200015 /* SyncedGameStateMapperTests.swift */,
				TX200016 /* MultiplayerActionValidatorTests.swift */,
				TX200017 /* ScorekeeperWatchBridgeTests.swift */,
			);
			path = MyAppTests;
			sourceTree = "<group>";
		};
		UI400000 /* MyAppUITests */ = {
			isa = PBXGroup;
			children = (
				UI200001 /* ScorekeeperFlowUITests.swift */,
				UI200002 /* AppLaunchFlowUITests.swift */,
			);
			path = MyAppUITests;
			sourceTree = "<group>";
		};
		WAT400000 /* MyApp Watch App */ = {
			isa = PBXGroup;
			children = (
				WAT200001 /* MyAppWatchApp.swift */,
				WAT200002 /* WatchScorekeeperView.swift */,
				WAT200003 /* WatchScorekeeperViewModel.swift */,
				WAT200004 /* Assets.xcassets */,
			);
			path = "MyApp Watch App";
			sourceTree = "<group>";
		};
/* End PBXGroup section */

/* Begin PBXNativeTarget section */
		A5000001 /* MyApp */ = {
			isa = PBXNativeTarget;
			buildConfigurationList = A6000001 /* Build configuration list for PBXNativeTarget "MyApp" */;
			buildPhases = (
				A3000000 /* Sources */,
				A3000001 /* Frameworks */,
				A3000002 /* Resources */,
				A3000003 /* Embed Watch Content */,
			);
			buildRules = (
			);
			dependencies = (
				WAT700001 /* PBXTargetDependency */,
			);
			name = MyApp;
			packageProductDependencies = (
				FB000002 /* FirebaseAuth */,
				FB000003 /* FirebaseFirestore */,
				FB000004 /* FirebaseFunctions */,
			);
			productName = MyApp;
			productReference = A2000000 /* MyApp.app */;
			productType = "com.apple.product-type.application";
		};
		TX500001 /* MyAppTests */ = {
			isa = PBXNativeTarget;
			buildConfigurationList = TX600001 /* Build configuration list for PBXNativeTarget "MyAppTests" */;
			buildPhases = (
				TX300000 /* Sources */,
				TX300001 /* Frameworks */,
				TX300002 /* Resources */,
			);
			buildRules = (
			);
			dependencies = (
				TX700001 /* PBXTargetDependency */,
			);
			name = MyAppTests;
			productName = MyAppTests;
			productReference = TX200000 /* MyAppTests.xctest */;
			productType = "com.apple.product-type.bundle.unit-test";
		};
		UI500001 /* MyAppUITests */ = {
			isa = PBXNativeTarget;
			buildConfigurationList = UI600001 /* Build configuration list for PBXNativeTarget "MyAppUITests" */;
			buildPhases = (
				UI300000 /* Sources */,
				UI300001 /* Frameworks */,
				UI300002 /* Resources */,
			);
			buildRules = (
			);
			dependencies = (
				UI700001 /* PBXTargetDependency */,
			);
			name = MyAppUITests;
			productName = MyAppUITests;
			productReference = UI200000 /* MyAppUITests.xctest */;
			productType = "com.apple.product-type.bundle.ui-testing";
		};
		WAT500001 /* MyApp Watch App */ = {
			isa = PBXNativeTarget;
			buildConfigurationList = WAT600001 /* Build configuration list for PBXNativeTarget "MyApp Watch App" */;
			buildPhases = (
				WAT300000 /* Sources */,
				WAT300001 /* Frameworks */,
				WAT300002 /* Resources */,
			);
			buildRules = (
			);
			dependencies = (
			);
			name = "MyApp Watch App";
			productName = "MyApp Watch App";
			productReference = WAT200000 /* MyApp Watch App.app */;
			productType = "com.apple.product-type.application";
		};
/* End PBXNativeTarget section */

/* Begin PBXProject section */
		A7000001 /* Project object */ = {
			isa = PBXProject;
			attributes = {
				BuildIndependentTargetsInParallel = 1;
				LastSwiftUpdateCheck = 1540;
				LastUpgradeCheck = 1540;
				TargetAttributes = {
					A5000001 = {
						CreatedOnToolsVersion = 15.4;
					};
					TX500001 = {
						CreatedOnToolsVersion = 15.4;
						TestTargetID = A5000001;
					};
					UI500001 = {
						CreatedOnToolsVersion = 15.4;
						TestTargetID = A5000001;
					};
					WAT500001 = {
						CreatedOnToolsVersion = 17.5;
					};
				};
			};
			buildConfigurationList = A6000000 /* Build configuration list for PBXProject "MyApp" */;
			compatibilityVersion = "Xcode 14.0";
			developmentRegion = en;
			hasScannedForEncodings = 0;
			knownRegions = (
				en,
				Base,
			);
			mainGroup = A4000000;
			packageReferences = (
				FB000001 /* XCRemoteSwiftPackageReference "firebase-ios-sdk" */,
			);
			productRefGroup = A4000002 /* Products */;
			projectDirPath = "";
			projectRoot = "";
			targets = (
				A5000001 /* MyApp */,
				WAT500001 /* MyApp Watch App */,
				TX500001 /* MyAppTests */,
				UI500001 /* MyAppUITests */,
			);
		};
/* End PBXProject section */

/* Begin PBXResourcesBuildPhase section */
		A3000002 /* Resources */ = {
			isa = PBXResourcesBuildPhase;
			buildActionMask = 2147483647;
			files = (
				A1000004 /* Preview Assets.xcassets in Resources */,
				A1000003 /* Assets.xcassets in Resources */,
				9FCB9B032F54A07E005C3E4B /* GoogleService-Info.plist in Resources */,
				P1000001 /* PrivacyInfo.xcprivacy in Resources */,
			);
			runOnlyForDeploymentPostprocessing = 0;
		};
		TX300002 /* Resources */ = {
			isa = PBXResourcesBuildPhase;
			buildActionMask = 2147483647;
			files = (
			);
			runOnlyForDeploymentPostprocessing = 0;
		};
		UI300002 /* Resources */ = {
			isa = PBXResourcesBuildPhase;
			buildActionMask = 2147483647;
			files = (
			);
			runOnlyForDeploymentPostprocessing = 0;
		};
		WAT300002 /* Resources */ = {
			isa = PBXResourcesBuildPhase;
			buildActionMask = 2147483647;
			files = (
				WAT100006 /* Assets.xcassets in Resources */,
			);
			runOnlyForDeploymentPostprocessing = 0;
		};
/* End PBXResourcesBuildPhase section */

/* Begin PBXSourcesBuildPhase section */
		A3000000 /* Sources */ = {
			isa = PBXSourcesBuildPhase;
			buildActionMask = 2147483647;
			files = (
				A1000001 /* MyAppApp.swift in Sources */,
				B1000001 /* GameModel.swift in Sources */,
				B1000002 /* GameViewModel.swift in Sources */,
				B1000005 /* Styles.swift in Sources */,
				CT00001 /* ComicTheme.swift in Sources */,
				TE100001 /* ThemeEngine.swift in Sources */,
				TE100002 /* Themes.swift in Sources */,
				TE100003 /* ThemeManager.swift in Sources */,
				TE100004 /* ThemedComponents.swift in Sources */,
				C1000001 /* SettingsView.swift in Sources */,
				E1000001 /* SplashView.swift in Sources */,
				F1000003 /* OnlineSessionViewModel.swift in Sources */,
				F1000004 /* OnlineSessionView.swift in Sources */,
				G1000001 /* ModeSelectionView.swift in Sources */,
				GF100001 /* GameFlowRules.swift in Sources */,
				MAV100001 /* MultiplayerActionValidator.swift in Sources */,
				SSL100001 /* ShadySpadeLinks.swift in Sources */,
				H1000001 /* ComputerGameViewModel.swift in Sources */,
				I1000001 /* ComputerGameView.swift in Sources */,
				J1000001 /* OnlineGameViewModel.swift in Sources */,
				K1000001 /* OnlineGameView.swift in Sources */,
				BT100001 /* BluetoothGameViewModel.swift in Sources */,
				BT100002 /* BluetoothSessionView.swift in Sources */,
				BT100003 /* BluetoothGameView.swift in Sources */,
				TV100001 /* TVDisplayManager.swift in Sources */,
				TV100002 /* TVGameView.swift in Sources */,
				LGS100001 /* LocalGameServer.swift in Sources */,
				L1000001 /* GameHistoryView.swift in Sources */,
				M1000001 /* CardDealAnimationView.swift in Sources */,
				N1000001 /* QRScannerView.swift in Sources */,
				O1000001 /* AdaptiveColours.swift in Sources */,
				Q1000001 /* PlayerScoreBarChart.swift in Sources */,
				SE100001 /* ScoringEngine.swift in Sources */,
				SK100001 /* ScorekeeperModels.swift in Sources */,
				SK100002 /* ScorekeeperView.swift in Sources */,
				SK100003 /* ScorekeeperSessionService.swift in Sources */,
				SKW100001 /* ScorekeeperWatchMessages.swift in Sources */,
				SKW100002 /* ScorekeeperWatchBridge.swift in Sources */,
				SGS100001 /* SyncedGameStateMapper.swift in Sources */,
				LC100001 /* LeaderboardConsentManager.swift in Sources */,
				LC100002 /* LeaderboardConsentSheet.swift in Sources */,
				LPQ100001 /* LeaderboardPendingQueue.swift in Sources */,
				LSR100001 /* LeaderboardSendRequest.swift in Sources */,
				LSM100001 /* LeaderboardSnapshotMapper.swift in Sources */,
				LS100001 /* LeaderboardService.swift in Sources */,
				PF100001 /* ProfanityFilter.swift in Sources */,
				LV100001 /* LeaderboardView.swift in Sources */,
				TN100001 /* TurnNudge.swift in Sources */,
				AI100001 /* AIEngine.swift in Sources */,
			);
			runOnlyForDeploymentPostprocessing = 0;
		};
		TX300000 /* Sources */ = {
			isa = PBXSourcesBuildPhase;
			buildActionMask = 2147483647;
			files = (
				TX100001 /* AIEngineTests.swift in Sources */,
				TX100002 /* ScorekeeperTests.swift in Sources */,
				TX100003 /* ScorekeeperSessionServiceTests.swift in Sources */,
				TX100004 /* AppRegressionTests.swift in Sources */,
				TX100005 /* GameViewModelPersistenceTests.swift in Sources */,
				TX100006 /* GameHistoryBuilderTests.swift in Sources */,
				TX100007 /* OnlineSessionViewModelTests.swift in Sources */,
				TX100008 /* ComputerGameViewModelTests.swift in Sources */,
				TX100009 /* LeaderboardPresentationTests.swift in Sources */,
				TX100010 /* GameFlowRulesTests.swift in Sources */,
				TX100011 /* MultiplayerViewModelRulesTests.swift in Sources */,
				TX100012 /* LeaderboardPendingQueueTests.swift in Sources */,
				TX100013 /* LeaderboardSendRequestTests.swift in Sources */,
				TX100014 /* LeaderboardSnapshotMapperTests.swift in Sources */,
				TX100015 /* SyncedGameStateMapperTests.swift in Sources */,
				TX100016 /* MultiplayerActionValidatorTests.swift in Sources */,
				TX100017 /* ScorekeeperWatchBridgeTests.swift in Sources */,
			);
			runOnlyForDeploymentPostprocessing = 0;
		};
		UI300000 /* Sources */ = {
			isa = PBXSourcesBuildPhase;
			buildActionMask = 2147483647;
			files = (
				UI100001 /* ScorekeeperFlowUITests.swift in Sources */,
				UI100002 /* AppLaunchFlowUITests.swift in Sources */,
			);
			runOnlyForDeploymentPostprocessing = 0;
		};
		WAT300000 /* Sources */ = {
			isa = PBXSourcesBuildPhase;
			buildActionMask = 2147483647;
			files = (
				WAT100001 /* MyAppWatchApp.swift in Sources */,
				WAT100002 /* WatchScorekeeperView.swift in Sources */,
				WAT100003 /* WatchScorekeeperViewModel.swift in Sources */,
				WAT100004 /* ScorekeeperWatchMessages.swift in Sources */,
			);
			runOnlyForDeploymentPostprocessing = 0;
		};
/* End PBXSourcesBuildPhase section */

/* Begin PBXTargetDependency section */
		TX700001 /* PBXTargetDependency */ = {
			isa = PBXTargetDependency;
			target = A5000001 /* MyApp */;
			targetProxy = TX800001 /* PBXContainerItemProxy */;
		};
		UI700001 /* PBXTargetDependency */ = {
			isa = PBXTargetDependency;
			target = A5000001 /* MyApp */;
			targetProxy = UI800001 /* PBXContainerItemProxy */;
		};
		WAT700001 /* PBXTargetDependency */ = {
			isa = PBXTargetDependency;
			target = WAT500001 /* MyApp Watch App */;
			targetProxy = WAT800001 /* PBXContainerItemProxy */;
		};
/* End PBXTargetDependency section */

/* Begin XCBuildConfiguration section */
		A6000010 /* Debug */ = {
			isa = XCBuildConfiguration;
			buildSettings = {
				ALWAYS_SEARCH_USER_PATHS = NO;
				ASSETCATALOG_COMPILER_GENERATE_SWIFT_ASSET_SYMBOL_EXTENSIONS = YES;
				CLANG_ANALYZER_NONNULL = YES;
				CLANG_ANALYZER_NUMBER_OBJECT_CONVERSION = YES_AGGRESSIVE;
				CLANG_CXX_LANGUAGE_STANDARD = "gnu++20";
				CLANG_ENABLE_MODULES = YES;
				CLANG_ENABLE_OBJC_ARC = YES;
				CLANG_ENABLE_OBJC_WEAK = YES;
				CLANG_WARN_BLOCK_CAPTURE_AUTORELEASING = YES;
				CLANG_WARN_BOOL_CONVERSION = YES;
				CLANG_WARN_COMMA = YES;
				CLANG_WARN_CONSTANT_CONVERSION = YES;
				CLANG_WARN_DEPRECATED_OBJC_IMPLEMENTATIONS = YES;
				CLANG_WARN_DIRECT_OBJC_ISA_USAGE = YES_ERROR;
				CLANG_WARN_DOCUMENTATION_COMMENTS = YES;
				CLANG_WARN_EMPTY_BODY = YES;
				CLANG_WARN_ENUM_CONVERSION = YES;
				CLANG_WARN_INFINITE_RECURSION = YES;
				CLANG_WARN_INT_CONVERSION = YES;
				CLANG_WARN_NON_LITERAL_NULL_CONVERSION = YES;
				CLANG_WARN_OBJC_IMPLICIT_RETAIN_SELF = YES;
				CLANG_WARN_OBJC_LITERAL_CONVERSION = YES;
				CLANG_WARN_OBJC_ROOT_CLASS = YES_ERROR;
				CLANG_WARN_QUOTED_INCLUDE_IN_FRAMEWORK_HEADER = YES;
				CLANG_WARN_RANGE_LOOP_ANALYSIS = YES;
				CLANG_WARN_STRICT_PROTOTYPES = YES;
				CLANG_WARN_SUSPICIOUS_MOVE = YES;
				CLANG_WARN_UNGUARDED_AVAILABILITY = YES_AGGRESSIVE;
				CLANG_WARN_UNREACHABLE_CODE = YES;
				CLANG_WARN__DUPLICATE_METHOD_MATCH = YES;
				COPY_PHASE_STRIP = NO;
				DEBUG_INFORMATION_FORMAT = dwarf;
				ENABLE_STRICT_OBJC_MSGSEND = YES;
				ENABLE_TESTABILITY = YES;
				ENABLE_USER_SCRIPT_SANDBOXING = YES;
				GCC_C_LANGUAGE_STANDARD = gnu17;
				GCC_DYNAMIC_NO_PIC = NO;
				GCC_NO_COMMON_BLOCKS = YES;
				GCC_OPTIMIZATION_LEVEL = 0;
				GCC_PREPROCESSOR_DEFINITIONS = (
					"DEBUG=1",
					"$(inherited)",
				);
				GCC_WARN_64_TO_32_BIT_CONVERSION = YES;
				GCC_WARN_ABOUT_RETURN_TYPE = YES_ERROR;
				GCC_WARN_UNDECLARED_SELECTOR = YES;
				GCC_WARN_UNINITIALIZED_AUTOS = YES_AGGRESSIVE;
				GCC_WARN_UNUSED_FUNCTION = YES;
				GCC_WARN_UNUSED_VARIABLE = YES;
				IPHONEOS_DEPLOYMENT_TARGET = 17.0;
				LOCALIZATION_PREFERS_STRING_CATALOGS = YES;
				MTL_ENABLE_DEBUG_INFO = INCLUDE_SOURCE;
				MTL_FAST_MATH = YES;
				ONLY_ACTIVE_ARCH = YES;
				SDKROOT = iphoneos;
				SWIFT_ACTIVE_COMPILATION_CONDITIONS = "DEBUG $(inherited)";
				SWIFT_OPTIMIZATION_LEVEL = "-Onone";
				VALIDATE_WORKSPACE = NO;
			};
			name = Debug;
		};
		A6000011 /* Release */ = {
			isa = XCBuildConfiguration;
			buildSettings = {
				ALWAYS_SEARCH_USER_PATHS = NO;
				ASSETCATALOG_COMPILER_GENERATE_SWIFT_ASSET_SYMBOL_EXTENSIONS = YES;
				CLANG_ANALYZER_NONNULL = YES;
				CLANG_ANALYZER_NUMBER_OBJECT_CONVERSION = YES_AGGRESSIVE;
				CLANG_CXX_LANGUAGE_STANDARD = "gnu++20";
				CLANG_ENABLE_MODULES = YES;
				CLANG_ENABLE_OBJC_ARC = YES;
				CLANG_ENABLE_OBJC_WEAK = YES;
				CLANG_WARN_BLOCK_CAPTURE_AUTORELEASING = YES;
				CLANG_WARN_BOOL_CONVERSION = YES;
				CLANG_WARN_COMMA = YES;
				CLANG_WARN_CONSTANT_CONVERSION = YES;
				CLANG_WARN_DEPRECATED_OBJC_IMPLEMENTATIONS = YES;
				CLANG_WARN_DIRECT_OBJC_ISA_USAGE = YES_ERROR;
				CLANG_WARN_DOCUMENTATION_COMMENTS = YES;
				CLANG_WARN_EMPTY_BODY = YES;
				CLANG_WARN_ENUM_CONVERSION = YES;
				CLANG_WARN_INFINITE_RECURSION = YES;
				CLANG_WARN_INT_CONVERSION = YES;
				CLANG_WARN_NON_LITERAL_NULL_CONVERSION = YES;
				CLANG_WARN_OBJC_IMPLICIT_RETAIN_SELF = YES;
				CLANG_WARN_OBJC_LITERAL_CONVERSION = YES;
				CLANG_WARN_OBJC_ROOT_CLASS = YES_ERROR;
				CLANG_WARN_QUOTED_INCLUDE_IN_FRAMEWORK_HEADER = YES;
				CLANG_WARN_RANGE_LOOP_ANALYSIS = YES;
				CLANG_WARN_STRICT_PROTOTYPES = YES;
				CLANG_WARN_SUSPICIOUS_MOVE = YES;
				CLANG_WARN_UNGUARDED_AVAILABILITY = YES_AGGRESSIVE;
				CLANG_WARN_UNREACHABLE_CODE = YES;
				CLANG_WARN__DUPLICATE_METHOD_MATCH = YES;
				COPY_PHASE_STRIP = NO;
				DEBUG_INFORMATION_FORMAT = "dwarf-with-dsym";
				ENABLE_NS_ASSERTIONS = NO;
				ENABLE_STRICT_OBJC_MSGSEND = YES;
				ENABLE_USER_SCRIPT_SANDBOXING = YES;
				GCC_C_LANGUAGE_STANDARD = gnu17;
				GCC_NO_COMMON_BLOCKS = YES;
				GCC_WARN_64_TO_32_BIT_CONVERSION = YES;
				GCC_WARN_ABOUT_RETURN_TYPE = YES_ERROR;
				GCC_WARN_UNDECLARED_SELECTOR = YES;
				GCC_WARN_UNINITIALIZED_AUTOS = YES_AGGRESSIVE;
				GCC_WARN_UNUSED_FUNCTION = YES;
				GCC_WARN_UNUSED_VARIABLE = YES;
				IPHONEOS_DEPLOYMENT_TARGET = 17.0;
				LOCALIZATION_PREFERS_STRING_CATALOGS = YES;
				MTL_FAST_MATH = YES;
				SDKROOT = iphoneos;
				SWIFT_COMPILATION_MODE = wholemodule;
				VALIDATE_PRODUCT = YES;
				VALIDATE_WORKSPACE = NO;
			};
			name = Release;
		};
		A6000020 /* Debug */ = {
			isa = XCBuildConfiguration;
			buildSettings = {
				ASSETCATALOG_COMPILER_APPICON_NAME = AppIcon;
				ASSETCATALOG_COMPILER_GLOBAL_ACCENT_COLOR_NAME = AccentColor;
				CODE_SIGN_ENTITLEMENTS = MyApp/MyAppDebug.entitlements;
				CODE_SIGN_STYLE = Automatic;
				CURRENT_PROJECT_VERSION = 9;
				DEVELOPMENT_ASSET_PATHS = "\"MyApp/Preview Content\"";
				DEVELOPMENT_TEAM = 7B5U5LACV3;
				ENABLE_PREVIEWS = YES;
				GENERATE_INFOPLIST_FILE = YES;
				INFOPLIST_FILE = MyApp/Info.plist;
				INFOPLIST_KEY_CFBundleDisplayName = "The Shady Spade";
				INFOPLIST_KEY_NSCameraUsageDescription = "Camera is used to scan QR codes to join a multiplayer game room.";
				INFOPLIST_KEY_NSHumanReadableCopyright = "© 2026 Vijay Goyal. All rights reserved.";
				INFOPLIST_KEY_UIApplicationSceneManifest_Generation = YES;
				INFOPLIST_KEY_UIApplicationSupportsIndirectInputEvents = YES;
				INFOPLIST_KEY_UILaunchScreen_Generation = YES;
				INFOPLIST_KEY_UISupportedInterfaceOrientations_iPad = "UIInterfaceOrientationPortrait UIInterfaceOrientationPortraitUpsideDown UIInterfaceOrientationLandscapeLeft UIInterfaceOrientationLandscapeRight";
				INFOPLIST_KEY_UISupportedInterfaceOrientations_iPhone = "UIInterfaceOrientationPortrait UIInterfaceOrientationLandscapeLeft UIInterfaceOrientationLandscapeRight";
				IPHONEOS_DEPLOYMENT_TARGET = 17.0;
				LD_RUNPATH_SEARCH_PATHS = (
					"$(inherited)",
					"@executable_path/Frameworks",
				);
				MARKETING_VERSION = 1.10;
				PRODUCT_BUNDLE_IDENTIFIER = com.vijaygoyal.theshadyspade;
				PRODUCT_NAME = "$(TARGET_NAME)";
				SUPPORTED_PLATFORMS = "iphoneos iphonesimulator";
				SUPPORTS_MACCATALYST = NO;
				SWIFT_EMIT_LOC_STRINGS = YES;
				SWIFT_VERSION = 5.0;
				TARGETED_DEVICE_FAMILY = "1,2";
			};
			name = Debug;
		};
		A6000021 /* Release */ = {
			isa = XCBuildConfiguration;
			buildSettings = {
				ASSETCATALOG_COMPILER_APPICON_NAME = AppIcon;
				ASSETCATALOG_COMPILER_GLOBAL_ACCENT_COLOR_NAME = AccentColor;
				CODE_SIGN_ENTITLEMENTS = MyApp/MyApp.entitlements;
				CODE_SIGN_STYLE = Automatic;
				CURRENT_PROJECT_VERSION = 9;
				DEVELOPMENT_ASSET_PATHS = "\"MyApp/Preview Content\"";
				DEVELOPMENT_TEAM = 7B5U5LACV3;
				ENABLE_PREVIEWS = YES;
				GENERATE_INFOPLIST_FILE = YES;
				INFOPLIST_FILE = MyApp/Info.plist;
				INFOPLIST_KEY_CFBundleDisplayName = "The Shady Spade";
				INFOPLIST_KEY_NSCameraUsageDescription = "Camera is used to scan QR codes to join a multiplayer game room.";
				INFOPLIST_KEY_NSHumanReadableCopyright = "© 2026 Vijay Goyal. All rights reserved.";
				INFOPLIST_KEY_UIApplicationSceneManifest_Generation = YES;
				INFOPLIST_KEY_UIApplicationSupportsIndirectInputEvents = YES;
				INFOPLIST_KEY_UILaunchScreen_Generation = YES;
				INFOPLIST_KEY_UISupportedInterfaceOrientations_iPad = "UIInterfaceOrientationPortrait UIInterfaceOrientationPortraitUpsideDown UIInterfaceOrientationLandscapeLeft UIInterfaceOrientationLandscapeRight";
				INFOPLIST_KEY_UISupportedInterfaceOrientations_iPhone = "UIInterfaceOrientationPortrait UIInterfaceOrientationLandscapeLeft UIInterfaceOrientationLandscapeRight";
				IPHONEOS_DEPLOYMENT_TARGET = 17.0;
				LD_RUNPATH_SEARCH_PATHS = (
					"$(inherited)",
					"@executable_path/Frameworks",
				);
				MARKETING_VERSION = 1.10;
				PRODUCT_BUNDLE_IDENTIFIER = com.vijaygoyal.theshadyspade;
				PRODUCT_NAME = "$(TARGET_NAME)";
				SUPPORTED_PLATFORMS = "iphoneos iphonesimulator";
				SUPPORTS_MACCATALYST = NO;
				SWIFT_EMIT_LOC_STRINGS = YES;
				SWIFT_VERSION = 5.0;
				TARGETED_DEVICE_FAMILY = "1,2";
			};
			name = Release;
		};
		TX600010 /* Debug */ = {
			isa = XCBuildConfiguration;
			buildSettings = {
				BUNDLE_LOADER = "$(TEST_HOST)";
				CODE_SIGN_STYLE = Automatic;
				DEVELOPMENT_TEAM = 7B5U5LACV3;
				GENERATE_INFOPLIST_FILE = YES;
				IPHONEOS_DEPLOYMENT_TARGET = 17.0;
				PRODUCT_BUNDLE_IDENTIFIER = com.vijaygoyal.theshadyspade.tests;
				PRODUCT_NAME = "$(TARGET_NAME)";
				SDKROOT = iphoneos;
				SUPPORTED_PLATFORMS = "iphoneos iphonesimulator";
				SWIFT_VERSION = 5.0;
				TEST_HOST = "$(BUILT_PRODUCTS_DIR)/MyApp.app/$(BUNDLE_EXECUTABLE_FOLDER_PATH)/MyApp";
			};
			name = Debug;
		};
		TX600011 /* Release */ = {
			isa = XCBuildConfiguration;
			buildSettings = {
				BUNDLE_LOADER = "$(TEST_HOST)";
				CODE_SIGN_STYLE = Automatic;
				DEVELOPMENT_TEAM = 7B5U5LACV3;
				GENERATE_INFOPLIST_FILE = YES;
				IPHONEOS_DEPLOYMENT_TARGET = 17.0;
				PRODUCT_BUNDLE_IDENTIFIER = com.vijaygoyal.theshadyspade.tests;
				PRODUCT_NAME = "$(TARGET_NAME)";
				SDKROOT = iphoneos;
				SUPPORTED_PLATFORMS = "iphoneos iphonesimulator";
				SWIFT_VERSION = 5.0;
				TEST_HOST = "$(BUILT_PRODUCTS_DIR)/MyApp.app/$(BUNDLE_EXECUTABLE_FOLDER_PATH)/MyApp";
			};
			name = Release;
		};
		UI600010 /* Debug */ = {
			isa = XCBuildConfiguration;
			buildSettings = {
				CODE_SIGN_STYLE = Automatic;
				DEVELOPMENT_TEAM = 7B5U5LACV3;
				GENERATE_INFOPLIST_FILE = YES;
				IPHONEOS_DEPLOYMENT_TARGET = 17.0;
				PRODUCT_BUNDLE_IDENTIFIER = com.vijaygoyal.theshadyspade.uitests;
				PRODUCT_NAME = "$(TARGET_NAME)";
				SDKROOT = iphoneos;
				SUPPORTED_PLATFORMS = "iphoneos iphonesimulator";
				SWIFT_VERSION = 5.0;
				TEST_TARGET_NAME = MyApp;
			};
			name = Debug;
		};
		UI600011 /* Release */ = {
			isa = XCBuildConfiguration;
			buildSettings = {
				CODE_SIGN_STYLE = Automatic;
				DEVELOPMENT_TEAM = 7B5U5LACV3;
				GENERATE_INFOPLIST_FILE = YES;
				IPHONEOS_DEPLOYMENT_TARGET = 17.0;
				PRODUCT_BUNDLE_IDENTIFIER = com.vijaygoyal.theshadyspade.uitests;
				PRODUCT_NAME = "$(TARGET_NAME)";
				SDKROOT = iphoneos;
				SUPPORTED_PLATFORMS = "iphoneos iphonesimulator";
				SWIFT_VERSION = 5.0;
				TEST_TARGET_NAME = MyApp;
			};
			name = Release;
		};
		WAT600010 /* Debug */ = {
			isa = XCBuildConfiguration;
			buildSettings = {
				ASSETCATALOG_COMPILER_APPICON_NAME = AppIcon;
				ASSETCATALOG_COMPILER_GLOBAL_ACCENT_COLOR_NAME = AccentColor;
				CODE_SIGN_STYLE = Automatic;
				CURRENT_PROJECT_VERSION = 9;
				DEVELOPMENT_TEAM = 7B5U5LACV3;
				ENABLE_PREVIEWS = YES;
				GENERATE_INFOPLIST_FILE = YES;
				INFOPLIST_KEY_CFBundleDisplayName = "The Shady Spade";
				INFOPLIST_KEY_NSHumanReadableCopyright = "© 2026 Vijay Goyal. All rights reserved.";
				INFOPLIST_KEY_UISupportedInterfaceOrientations = "UIInterfaceOrientationPortrait UIInterfaceOrientationPortraitUpsideDown";
				INFOPLIST_KEY_WKCompanionAppBundleIdentifier = com.vijaygoyal.theshadyspade;
				LD_RUNPATH_SEARCH_PATHS = "$(inherited) @executable_path/Frameworks";
				MARKETING_VERSION = 1.10;
				PRODUCT_BUNDLE_IDENTIFIER = com.vijaygoyal.theshadyspade.watchkitapp;
				PRODUCT_NAME = "$(TARGET_NAME)";
				SDKROOT = watchos;
				SKIP_INSTALL = YES;
				SUPPORTED_PLATFORMS = "watchos watchsimulator";
				SUPPORTS_MACCATALYST = NO;
				SWIFT_EMIT_LOC_STRINGS = YES;
				SWIFT_VERSION = 5.0;
				TARGETED_DEVICE_FAMILY = 4;
				WATCHOS_DEPLOYMENT_TARGET = 10.0;
			};
			name = Debug;
		};
		WAT600011 /* Release */ = {
			isa = XCBuildConfiguration;
			buildSettings = {
				ASSETCATALOG_COMPILER_APPICON_NAME = AppIcon;
				ASSETCATALOG_COMPILER_GLOBAL_ACCENT_COLOR_NAME = AccentColor;
				CODE_SIGN_STYLE = Automatic;
				CURRENT_PROJECT_VERSION = 9;
				DEVELOPMENT_TEAM = 7B5U5LACV3;
				ENABLE_PREVIEWS = YES;
				GENERATE_INFOPLIST_FILE = YES;
				INFOPLIST_KEY_CFBundleDisplayName = "The Shady Spade";
				INFOPLIST_KEY_NSHumanReadableCopyright = "© 2026 Vijay Goyal. All rights reserved.";
				INFOPLIST_KEY_UISupportedInterfaceOrientations = "UIInterfaceOrientationPortrait UIInterfaceOrientationPortraitUpsideDown";
				INFOPLIST_KEY_WKCompanionAppBundleIdentifier = com.vijaygoyal.theshadyspade;
				LD_RUNPATH_SEARCH_PATHS = "$(inherited) @executable_path/Frameworks";
				MARKETING_VERSION = 1.10;
				PRODUCT_BUNDLE_IDENTIFIER = com.vijaygoyal.theshadyspade.watchkitapp;
				PRODUCT_NAME = "$(TARGET_NAME)";
				SDKROOT = watchos;
				SKIP_INSTALL = YES;
				SUPPORTED_PLATFORMS = "watchos watchsimulator";
				SUPPORTS_MACCATALYST = NO;
				SWIFT_EMIT_LOC_STRINGS = YES;
				SWIFT_VERSION = 5.0;
				TARGETED_DEVICE_FAMILY = 4;
				WATCHOS_DEPLOYMENT_TARGET = 10.0;
			};
			name = Release;
		};
/* End XCBuildConfiguration section */

/* Begin XCConfigurationList section */
		A6000000 /* Build configuration list for PBXProject "MyApp" */ = {
			isa = XCConfigurationList;
			buildConfigurations = (
				A6000010 /* Debug */,
				A6000011 /* Release */,
			);
			defaultConfigurationIsVisible = 0;
			defaultConfigurationName = Release;
		};
		A6000001 /* Build configuration list for PBXNativeTarget "MyApp" */ = {
			isa = XCConfigurationList;
			buildConfigurations = (
				A6000020 /* Debug */,
				A6000021 /* Release */,
			);
			defaultConfigurationIsVisible = 0;
			defaultConfigurationName = Release;
		};
		TX600001 /* Build configuration list for PBXNativeTarget "MyAppTests" */ = {
			isa = XCConfigurationList;
			buildConfigurations = (
				TX600010 /* Debug */,
				TX600011 /* Release */,
			);
			defaultConfigurationIsVisible = 0;
			defaultConfigurationName = Release;
		};
		UI600001 /* Build configuration list for PBXNativeTarget "MyAppUITests" */ = {
			isa = XCConfigurationList;
			buildConfigurations = (
				UI600010 /* Debug */,
				UI600011 /* Release */,
			);
			defaultConfigurationIsVisible = 0;
			defaultConfigurationName = Release;
		};
		WAT600001 /* Build configuration list for PBXNativeTarget "MyApp Watch App" */ = {
			isa = XCConfigurationList;
			buildConfigurations = (
				WAT600010 /* Debug */,
				WAT600011 /* Release */,
			);
			defaultConfigurationIsVisible = 0;
			defaultConfigurationName = Release;
		};
/* End XCConfigurationList section */

/* Begin XCRemoteSwiftPackageReference section */
		FB000001 /* XCRemoteSwiftPackageReference "firebase-ios-sdk" */ = {
			isa = XCRemoteSwiftPackageReference;
			repositoryURL = "https://github.com/firebase/firebase-ios-sdk";
			requirement = {
				kind = upToNextMajorVersion;
				minimumVersion = 11.0.0;
			};
		};
/* End XCRemoteSwiftPackageReference section */

/* Begin XCSwiftPackageProductDependency section */
		FB000002 /* FirebaseAuth */ = {
			isa = XCSwiftPackageProductDependency;
			package = FB000001 /* XCRemoteSwiftPackageReference "firebase-ios-sdk" */;
			productName = FirebaseAuth;
		};
		FB000003 /* FirebaseFirestore */ = {
			isa = XCSwiftPackageProductDependency;
			package = FB000001 /* XCRemoteSwiftPackageReference "firebase-ios-sdk" */;
			productName = FirebaseFirestore;
		};
		FB000004 /* FirebaseFunctions */ = {
			isa = XCSwiftPackageProductDependency;
			package = FB000001 /* XCRemoteSwiftPackageReference "firebase-ios-sdk" */;
			productName = FirebaseFunctions;
		};
/* End XCSwiftPackageProductDependency section */
	};
	rootObject = A7000001 /* Project object */;
}
